<?xml version="1.0" encoding="utf-8"?>
<Project ToolsVersion="15.0" xmlns="http://schemas.microsoft.com/developer/msbuild/2003">
  <ItemGroup>
    <ClCompile Include="D:\Users\Brice\Source\Repos\ska\ska_core_test\CompoundTask_test.cpp">
      <Filter>Source Files</Filter>
    </ClCompile>
    <ClCompile Include="D:\Users\Brice\Source\Repos\ska\ska_core_test\MockState.cpp">
      <Filter>Source Files</Filter>
    </ClCompile>
    <ClCompile Include="D:\Users\Brice\Source\Repos\ska\ska_core_test\RectangleUtils_test.cpp">
      <Filter>Source Files</Filter>
    </ClCompile>
    <ClCompile Include="D:\Users\Brice\Source\Repos\ska\ska_core_test\StateBase_test.cpp">
      <Filter>Source Files</Filter>
    </ClCompile>
    <ClCompile Include="D:\Users\Brice\Source\Repos\ska\ska_core_test\StateHolder_test.cpp">
      <Filter>Source Files</Filter>
    </ClCompile>
    <ClCompile Include="D:\Users\Brice\Source\Repos\ska\ska_core_test\StateListener.cpp">
      <Filter>Source Files</Filter>
    </ClCompile>
    <ClCompile Include="D:\Users\Brice\Source\Repos\ska\ska_core_test\TaskQueue_test.cpp">
      <Filter>Source Files</Filter>
    </ClCompile>
    <ClCompile Include="D:\Users\Brice\Source\Repos\ska\ska_core_test\WorkNode_test.cpp">
      <Filter>Source Files</Filter>
    </ClCompile>
    <ClCompile Include="D:\Users\Brice\Source\Repos\ska\ska_core_test\main.cpp">
      <Filter>Source Files</Filter>
    </ClCompile>
  </ItemGroup>
  <ItemGroup>
    <ClInclude Include="D:\Users\Brice\Source\Repos\ska\ska_core_test\MockState.h">
      <Filter>Header Files</Filter>
    </ClInclude>
    <ClInclude Include="D:\Users\Brice\Source\Repos\ska\ska_core_test\MockStateBase.h">
      <Filter>Header Files</Filter>
    </ClInclude>
    <ClInclude Include="D:\Users\Brice\Source\Repos\ska\ska_core_test\StateListener.h">
      <Filter>Header Files</Filter>
    </ClInclude>
    <ClInclude Include="ExposeImmutable.h">
      <Filter>Header Files</Filter>
    </ClInclude>
  </ItemGroup>
  <ItemGroup>
    <CustomBuild Include="D:\Users\Brice\Source\Repos\ska\ska_core_test\CMakeLists.txt" />
  </ItemGroup>
  <ItemGroup>
    <Filter Include="Source Files">
      <UniqueIdentifier>{A713BAD7-4AAC-3F00-A4EF-9CEF4E310E6F}</UniqueIdentifier>
    </Filter>
    <Filter Include="Header Files">
      <UniqueIdentifier>{EE7B86A2-884A-39B5-872E-8A011483CBCD}</UniqueIdentifier>
    </Filter>
  </ItemGroup>
</Project>