Microsoft Visual Studio Solution File, Format Version 12.00
# Visual Studio 16
Project("{8BC9CEB8-8B4A-11D0-8D11-00A0C91BC942}") = "ALL_BUILD", "ALL_BUILD.vcxproj", "{4D2FCE41-1E6A-358C-8F1B-908A6BF61C55}"
	ProjectSection(ProjectDependencies) = postProject
		{D7DA5136-242B-3635-82BA-A999B955DE04} = {D7DA5136-242B-3635-82BA-A999B955DE04}
		{F47DD286-CE2A-3ACA-8854-43EF42A1573B} = {F47DD286-CE2A-3ACA-8854-43EF42A1573B}
		{6173465E-7C08-365F-87B0-A5BC055E7F71} = {6173465E-7C08-365F-87B0-A5BC055E7F71}
		{6C725DA7-594E-39FA-B1D9-CFB734C9437E} = {6C725DA7-594E-39FA-B1D9-CFB734C9437E}
		{A643A813-5F82-3D95-AEA7-0D09739D42CC} = {A643A813-5F82-3D95-AEA7-0D09739D42CC}
		{0E0D0FD6-54E7-3F15-A9E9-E7BC4A0559C1} = {0E0D0FD6-54E7-3F15-A9E9-E7BC4A0559C1}
		{5734807B-8932-3B2E-A6F6-D992DC11FFAC} = {5734807B-8932-3B2E-A6F6-D992DC11FFAC}
		{2BAF5968-E1A5-35A5-A629-B85030530159} = {2BAF5968-E1A5-35A5-A629-B85030530159}
		{5D35D87E-55AD-3243-973E-A141B3D27C6D} = {5D35D87E-55AD-3243-973E-A141B3D27C6D}
		{C615B889-EF1F-34C2-B845-36019CE23325} = {C615B889-EF1F-34C2-B845-36019CE23325}
		{4C463361-FEAC-3E78-ADC5-74D1BF92C70F} = {4C463361-FEAC-3E78-ADC5-74D1BF92C70F}
		{956D1EEB-BA64-3912-B85B-7143E7485A59} = {956D1EEB-BA64-3912-B85B-7143E7485A59}
		{DE968F1F-1E16-3E60-835F-D327F990C167} = {DE968F1F-1E16-3E60-835F-D327F990C167}
		{6214090C-DF08-3AC2-B24C-374A864C6782} = {6214090C-DF08-3AC2-B24C-374A864C6782}
		{D4382792-5038-3D31-8188-16B302976B32} = {D4382792-5038-3D31-8188-16B302976B32}
		{101B5068-A0CA-3E72-B90F-711436DD0564} = {101B5068-A0CA-3E72-B90F-711436DD0564}
		{75A0D4AF-AD33-3B92-AA3E-53726E3B216D} = {75A0D4AF-AD33-3B92-AA3E-53726E3B216D}
		{AC9E2917-E0DE-36EE-A19C-EB46BCD729FF} = {AC9E2917-E0DE-36EE-A19C-EB46BCD729FF}
		{CF006960-E83E-32D7-9813-2EC8573FE6D9} = {CF006960-E83E-32D7-9813-2EC8573FE6D9}
		{5B455078-C168-368C-8148-3F2E0AA797E8} = {5B455078-C168-368C-8148-3F2E0AA797E8}
		{068386F0-BF16-35C0-960C-D2F2D54B5959} = {068386F0-BF16-35C0-960C-D2F2D54B5959}
		{5C11F074-5427-3E5E-A171-78AC80CE25CB} = {5C11F074-5427-3E5E-A171-78AC80CE25CB}
	EndProjectSection
EndProject
Project("{8BC9CEB8-8B4A-11D0-8D11-00A0C91BC942}") = "INSTALL", "INSTALL.vcxproj", "{FD643981-5455-349B-8047-396AD528FBB0}"
	ProjectSection(ProjectDependencies) = postProject
		{4D2FCE41-1E6A-358C-8F1B-908A6BF61C55} = {4D2FCE41-1E6A-358C-8F1B-908A6BF61C55}
		{D7DA5136-242B-3635-82BA-A999B955DE04} = {D7DA5136-242B-3635-82BA-A999B955DE04}
	EndProjectSection
EndProject
Project("{8BC9CEB8-8B4A-11D0-8D11-00A0C91BC942}") = "ZERO_CHECK", "ZERO_CHECK.vcxproj", "{D7DA5136-242B-3635-82BA-A999B955DE04}"
	ProjectSection(ProjectDependencies) = postProject
	EndProjectSection
EndProject
Project("{8BC9CEB8-8B4A-11D0-8D11-00A0C91BC942}") = "chipmunk", "external\chipmunk\src\chipmunk.vcxproj", "{F47DD286-CE2A-3ACA-8854-43EF42A1573B}"
	ProjectSection(ProjectDependencies) = postProject
		{D7DA5136-242B-3635-82BA-A999B955DE04} = {D7DA5136-242B-3635-82BA-A999B955DE04}
	EndProjectSection
EndProject
Project("{8BC9CEB8-8B4A-11D0-8D11-00A0C91BC942}") = "chipmunk_static", "external\chipmunk\src\chipmunk_static.vcxproj", "{6173465E-7C08-365F-87B0-A5BC055E7F71}"
	ProjectSection(ProjectDependencies) = postProject
		{D7DA5136-242B-3635-82BA-A999B955DE04} = {D7DA5136-242B-3635-82BA-A999B955DE04}
	EndProjectSection
EndProject
Project("{8BC9CEB8-8B4A-11D0-8D11-00A0C91BC942}") = "ska_ai", "ska_ai\src\ska_ai.vcxproj", "{6C725DA7-594E-39FA-B1D9-CFB734C9437E}"
	ProjectSection(ProjectDependencies) = postProject
		{D7DA5136-242B-3635-82BA-A999B955DE04} = {D7DA5136-242B-3635-82BA-A999B955DE04}
	EndProjectSection
EndProject
Project("{8BC9CEB8-8B4A-11D0-8D11-00A0C91BC942}") = "ska_ai_test", "ska_ai\test\ska_ai_test.vcxproj", "{A643A813-5F82-3D95-AEA7-0D09739D42CC}"
	ProjectSection(ProjectDependencies) = postProject
		{D7DA5136-242B-3635-82BA-A999B955DE04} = {D7DA5136-242B-3635-82BA-A999B955DE04}
		{6C725DA7-594E-39FA-B1D9-CFB734C9437E} = {6C725DA7-594E-39FA-B1D9-CFB734C9437E}
		{5734807B-8932-3B2E-A6F6-D992DC11FFAC} = {5734807B-8932-3B2E-A6F6-D992DC11FFAC}
		{5C11F074-5427-3E5E-A171-78AC80CE25CB} = {5C11F074-5427-3E5E-A171-78AC80CE25CB}
	EndProjectSection
EndProject
Project("{8BC9CEB8-8B4A-11D0-8D11-00A0C91BC942}") = "ska_audio", "ska_audio\src\ska_audio.vcxproj", "{0E0D0FD6-54E7-3F15-A9E9-E7BC4A0559C1}"
	ProjectSection(ProjectDependencies) = postProject
		{D7DA5136-242B-3635-82BA-A999B955DE04} = {D7DA5136-242B-3635-82BA-A999B955DE04}
	EndProjectSection
EndProject
Project("{8BC9CEB8-8B4A-11D0-8D11-00A0C91BC942}") = "ska_core", "ska_core\src\ska_core.vcxproj", "{5734807B-8932-3B2E-A6F6-D992DC11FFAC}"
	ProjectSection(ProjectDependencies) = postProject
		{D7DA5136-242B-3635-82BA-A999B955DE04} = {D7DA5136-242B-3635-82BA-A999B955DE04}
	EndProjectSection
EndProject
Project("{8BC9CEB8-8B4A-11D0-8D11-00A0C91BC942}") = "ska_core_test", "ska_core\test\ska_core_test.vcxproj", "{2BAF5968-E1A5-35A5-A629-B85030530159}"
	ProjectSection(ProjectDependencies) = postProject
		{D7DA5136-242B-3635-82BA-A999B955DE04} = {D7DA5136-242B-3635-82BA-A999B955DE04}
		{5734807B-8932-3B2E-A6F6-D992DC11FFAC} = {5734807B-8932-3B2E-A6F6-D992DC11FFAC}
		{5C11F074-5427-3E5E-A171-78AC80CE25CB} = {5C11F074-5427-3E5E-A171-78AC80CE25CB}
	EndProjectSection
EndProject
Project("{8BC9CEB8-8B4A-11D0-8D11-00A0C91BC942}") = "ska_draw", "ska_draw\src\ska_draw.vcxproj", "{5D35D87E-55AD-3243-973E-A141B3D27C6D}"
	ProjectSection(ProjectDependencies) = postProject
		{D7DA5136-242B-3635-82BA-A999B955DE04} = {D7DA5136-242B-3635-82BA-A999B955DE04}
	EndProjectSection
EndProject
Project("{8BC9CEB8-8B4A-11D0-8D11-00A0C91BC942}") = "ska_gui", "ska_gui\src\ska_gui.vcxproj", "{C615B889-EF1F-34C2-B845-36019CE23325}"
	ProjectSection(ProjectDependencies) = postProject
		{D7DA5136-242B-3635-82BA-A999B955DE04} = {D7DA5136-242B-3635-82BA-A999B955DE04}
	EndProjectSection
EndProject
Project("{8BC9CEB8-8B4A-11D0-8D11-00A0C91BC942}") = "ska_gui_test", "ska_gui\test\ska_gui_test.vcxproj", "{4C463361-FEAC-3E78-ADC5-74D1BF92C70F}"
	ProjectSection(ProjectDependencies) = postProject
		{D7DA5136-242B-3635-82BA-A999B955DE04} = {D7DA5136-242B-3635-82BA-A999B955DE04}
		{5734807B-8932-3B2E-A6F6-D992DC11FFAC} = {5734807B-8932-3B2E-A6F6-D992DC11FFAC}
		{5D35D87E-55AD-3243-973E-A141B3D27C6D} = {5D35D87E-55AD-3243-973E-A141B3D27C6D}
		{C615B889-EF1F-34C2-B845-36019CE23325} = {C615B889-EF1F-34C2-B845-36019CE23325}
		{5C11F074-5427-3E5E-A171-78AC80CE25CB} = {5C11F074-5427-3E5E-A171-78AC80CE25CB}
	EndProjectSection
EndProject
Project("{8BC9CEB8-8B4A-11D0-8D11-00A0C91BC942}") = "ska_particle", "ska_particle\src\ska_particle.vcxproj", "{956D1EEB-BA64-3912-B85B-7143E7485A59}"
	ProjectSection(ProjectDependencies) = postProject
		{D7DA5136-242B-3635-82BA-A999B955DE04} = {D7DA5136-242B-3635-82BA-A999B955DE04}
	EndProjectSection
EndProject
Project("{8BC9CEB8-8B4A-11D0-8D11-00A0C91BC942}") = "ska_particle_benchmarker", "ska_particle\benchmark\ska_particle_benchmarker.vcxproj", "{DE968F1F-1E16-3E60-835F-D327F990C167}"
	ProjectSection(ProjectDependencies) = postProject
		{D7DA5136-242B-3635-82BA-A999B955DE04} = {D7DA5136-242B-3635-82BA-A999B955DE04}
		{5734807B-8932-3B2E-A6F6-D992DC11FFAC} = {5734807B-8932-3B2E-A6F6-D992DC11FFAC}
		{5D35D87E-55AD-3243-973E-A141B3D27C6D} = {5D35D87E-55AD-3243-973E-A141B3D27C6D}
		{956D1EEB-BA64-3912-B85B-7143E7485A59} = {956D1EEB-BA64-3912-B85B-7143E7485A59}
		{5C11F074-5427-3E5E-A171-78AC80CE25CB} = {5C11F074-5427-3E5E-A171-78AC80CE25CB}
	EndProjectSection
EndProject
Project("{8BC9CEB8-8B4A-11D0-8D11-00A0C91BC942}") = "ska_particle_test", "ska_particle\test\ska_particle_test.vcxproj", "{6214090C-DF08-3AC2-B24C-374A864C6782}"
	ProjectSection(ProjectDependencies) = postProject
		{D7DA5136-242B-3635-82BA-A999B955DE04} = {D7DA5136-242B-3635-82BA-A999B955DE04}
		{5734807B-8932-3B2E-A6F6-D992DC11FFAC} = {5734807B-8932-3B2E-A6F6-D992DC11FFAC}
		{5D35D87E-55AD-3243-973E-A141B3D27C6D} = {5D35D87E-55AD-3243-973E-A141B3D27C6D}
		{C615B889-EF1F-34C2-B845-36019CE23325} = {C615B889-EF1F-34C2-B845-36019CE23325}
		{956D1EEB-BA64-3912-B85B-7143E7485A59} = {956D1EEB-BA64-3912-B85B-7143E7485A59}
		{5C11F074-5427-3E5E-A171-78AC80CE25CB} = {5C11F074-5427-3E5E-A171-78AC80CE25CB}
	EndProjectSection
EndProject
Project("{8BC9CEB8-8B4A-11D0-8D11-00A0C91BC942}") = "ska_physic_chipmunk", "ska_physic_chipmunk\src\ska_physic_chipmunk.vcxproj", "{D4382792-5038-3D31-8188-16B302976B32}"
	ProjectSection(ProjectDependencies) = postProject
		{D7DA5136-242B-3635-82BA-A999B955DE04} = {D7DA5136-242B-3635-82BA-A999B955DE04}
	EndProjectSection
EndProject
Project("{8BC9CEB8-8B4A-11D0-8D11-00A0C91BC942}") = "ska_physic_homemade", "ska_physic_homemade\src\ska_physic_homemade.vcxproj", "{101B5068-A0CA-3E72-B90F-711436DD0564}"
	ProjectSection(ProjectDependencies) = postProject
		{D7DA5136-242B-3635-82BA-A999B955DE04} = {D7DA5136-242B-3635-82BA-A999B955DE04}
	EndProjectSection
EndProject
Project("{8BC9CEB8-8B4A-11D0-8D11-00A0C91BC942}") = "ska_physic_simulation", "ska_physic_homemade\simulation\ska_physic_simulation.vcxproj", "{75A0D4AF-AD33-3B92-AA3E-53726E3B216D}"
	ProjectSection(ProjectDependencies) = postProject
		{D7DA5136-242B-3635-82BA-A999B955DE04} = {D7DA5136-242B-3635-82BA-A999B955DE04}
		{5734807B-8932-3B2E-A6F6-D992DC11FFAC} = {5734807B-8932-3B2E-A6F6-D992DC11FFAC}
		{5D35D87E-55AD-3243-973E-A141B3D27C6D} = {5D35D87E-55AD-3243-973E-A141B3D27C6D}
		{C615B889-EF1F-34C2-B845-36019CE23325} = {C615B889-EF1F-34C2-B845-36019CE23325}
		{101B5068-A0CA-3E72-B90F-711436DD0564} = {101B5068-A0CA-3E72-B90F-711436DD0564}
		{5B455078-C168-368C-8148-3F2E0AA797E8} = {5B455078-C168-368C-8148-3F2E0AA797E8}
		{5C11F074-5427-3E5E-A171-78AC80CE25CB} = {5C11F074-5427-3E5E-A171-78AC80CE25CB}
	EndProjectSection
EndProject
Project("{8BC9CEB8-8B4A-11D0-8D11-00A0C91BC942}") = "ska_physic_simulation_chipmunk", "ska_physic_chipmunk\simulation\ska_physic_simulation_chipmunk.vcxproj", "{AC9E2917-E0DE-36EE-A19C-EB46BCD729FF}"
	ProjectSection(ProjectDependencies) = postProject
		{D7DA5136-242B-3635-82BA-A999B955DE04} = {D7DA5136-242B-3635-82BA-A999B955DE04}
		{F47DD286-CE2A-3ACA-8854-43EF42A1573B} = {F47DD286-CE2A-3ACA-8854-43EF42A1573B}
		{5734807B-8932-3B2E-A6F6-D992DC11FFAC} = {5734807B-8932-3B2E-A6F6-D992DC11FFAC}
		{5D35D87E-55AD-3243-973E-A141B3D27C6D} = {5D35D87E-55AD-3243-973E-A141B3D27C6D}
		{C615B889-EF1F-34C2-B845-36019CE23325} = {C615B889-EF1F-34C2-B845-36019CE23325}
		{D4382792-5038-3D31-8188-16B302976B32} = {D4382792-5038-3D31-8188-16B302976B32}
		{101B5068-A0CA-3E72-B90F-711436DD0564} = {101B5068-A0CA-3E72-B90F-711436DD0564}
		{5B455078-C168-368C-8148-3F2E0AA797E8} = {5B455078-C168-368C-8148-3F2E0AA797E8}
		{5C11F074-5427-3E5E-A171-78AC80CE25CB} = {5C11F074-5427-3E5E-A171-78AC80CE25CB}
	EndProjectSection
EndProject
Project("{8BC9CEB8-8B4A-11D0-8D11-00A0C91BC942}") = "ska_script", "ska_script\src\ska_script.vcxproj", "{CF006960-E83E-32D7-9813-2EC8573FE6D9}"
	ProjectSection(ProjectDependencies) = postProject
		{D7DA5136-242B-3635-82BA-A999B955DE04} = {D7DA5136-242B-3635-82BA-A999B955DE04}
	EndProjectSection
EndProject
Project("{8BC9CEB8-8B4A-11D0-8D11-00A0C91BC942}") = "ska_world", "ska_world\src\ska_world.vcxproj", "{5B455078-C168-368C-8148-3F2E0AA797E8}"
	ProjectSection(ProjectDependencies) = postProject
		{D7DA5136-242B-3635-82BA-A999B955DE04} = {D7DA5136-242B-3635-82BA-A999B955DE04}
	EndProjectSection
EndProject
Project("{8BC9CEB8-8B4A-11D0-8D11-00A0C91BC942}") = "ska_world_test", "ska_world\test\ska_world_test.vcxproj", "{068386F0-BF16-35C0-960C-D2F2D54B5959}"
	ProjectSection(ProjectDependencies) = postProject
		{D7DA5136-242B-3635-82BA-A999B955DE04} = {D7DA5136-242B-3635-82BA-A999B955DE04}
		{5734807B-8932-3B2E-A6F6-D992DC11FFAC} = {5734807B-8932-3B2E-A6F6-D992DC11FFAC}
		{5D35D87E-55AD-3243-973E-A141B3D27C6D} = {5D35D87E-55AD-3243-973E-A141B3D27C6D}
		{5B455078-C168-368C-8148-3F2E0AA797E8} = {5B455078-C168-368C-8148-3F2E0AA797E8}
		{5C11F074-5427-3E5E-A171-78AC80CE25CB} = {5C11F074-5427-3E5E-A171-78AC80CE25CB}
	EndProjectSection
EndProject
Project("{8BC9CEB8-8B4A-11D0-8D11-00A0C91BC942}") = "skalog", "ska_core\skalog\src\skalog.vcxproj", "{5C11F074-5427-3E5E-A171-78AC80CE25CB}"
	ProjectSection(ProjectDependencies) = postProject
		{D7DA5136-242B-3635-82BA-A999B955DE04} = {D7DA5136-242B-3635-82BA-A999B955DE04}
	EndProjectSection
EndProject
Global
	GlobalSection(SolutionConfigurationPlatforms) = preSolution
		Debug|x64 = Debug|x64
		Release|x64 = Release|x64
		MinSizeRel|x64 = MinSizeRel|x64
		RelWithDebInfo|x64 = RelWithDebInfo|x64
	EndGlobalSection
	GlobalSection(ProjectConfigurationPlatforms) = postSolution
		{4D2FCE41-1E6A-358C-8F1B-908A6BF61C55}.Debug|x64.ActiveCfg = Debug|x64
		{4D2FCE41-1E6A-358C-8F1B-908A6BF61C55}.Debug|x64.Build.0 = Debug|x64
		{4D2FCE41-1E6A-358C-8F1B-908A6BF61C55}.Release|x64.ActiveCfg = Release|x64
		{4D2FCE41-1E6A-358C-8F1B-908A6BF61C55}.Release|x64.Build.0 = Release|x64
		{4D2FCE41-1E6A-358C-8F1B-908A6BF61C55}.MinSizeRel|x64.ActiveCfg = MinSizeRel|x64
		{4D2FCE41-1E6A-358C-8F1B-908A6BF61C55}.MinSizeRel|x64.Build.0 = MinSizeRel|x64
		{4D2FCE41-1E6A-358C-8F1B-908A6BF61C55}.RelWithDebInfo|x64.ActiveCfg = RelWithDebInfo|x64
		{4D2FCE41-1E6A-358C-8F1B-908A6BF61C55}.RelWithDebInfo|x64.Build.0 = RelWithDebInfo|x64
		{FD643981-5455-349B-8047-396AD528FBB0}.Debug|x64.ActiveCfg = Debug|x64
		{FD643981-5455-349B-8047-396AD528FBB0}.Release|x64.ActiveCfg = Release|x64
		{FD643981-5455-349B-8047-396AD528FBB0}.MinSizeRel|x64.ActiveCfg = MinSizeRel|x64
		{FD643981-5455-349B-8047-396AD528FBB0}.RelWithDebInfo|x64.ActiveCfg = RelWithDebInfo|x64
		{D7DA5136-242B-3635-82BA-A999B955DE04}.Debug|x64.ActiveCfg = Debug|x64
		{D7DA5136-242B-3635-82BA-A999B955DE04}.Debug|x64.Build.0 = Debug|x64
		{D7DA5136-242B-3635-82BA-A999B955DE04}.Release|x64.ActiveCfg = Release|x64
		{D7DA5136-242B-3635-82BA-A999B955DE04}.Release|x64.Build.0 = Release|x64
		{D7DA5136-242B-3635-82BA-A999B955DE04}.MinSizeRel|x64.ActiveCfg = MinSizeRel|x64
		{D7DA5136-242B-3635-82BA-A999B955DE04}.MinSizeRel|x64.Build.0 = MinSizeRel|x64
		{D7DA5136-242B-3635-82BA-A999B955DE04}.RelWithDebInfo|x64.ActiveCfg = RelWithDebInfo|x64
		{D7DA5136-242B-3635-82BA-A999B955DE04}.RelWithDebInfo|x64.Build.0 = RelWithDebInfo|x64
		{F47DD286-CE2A-3ACA-8854-43EF42A1573B}.Debug|x64.ActiveCfg = Debug|x64
		{F47DD286-CE2A-3ACA-8854-43EF42A1573B}.Debug|x64.Build.0 = Debug|x64
		{F47DD286-CE2A-3ACA-8854-43EF42A1573B}.Release|x64.ActiveCfg = Release|x64
		{F47DD286-CE2A-3ACA-8854-43EF42A1573B}.Release|x64.Build.0 = Release|x64
		{F47DD286-CE2A-3ACA-8854-43EF42A1573B}.MinSizeRel|x64.ActiveCfg = MinSizeRel|x64
		{F47DD286-CE2A-3ACA-8854-43EF42A1573B}.MinSizeRel|x64.Build.0 = MinSizeRel|x64
		{F47DD286-CE2A-3ACA-8854-43EF42A1573B}.RelWithDebInfo|x64.ActiveCfg = RelWithDebInfo|x64
		{F47DD286-CE2A-3ACA-8854-43EF42A1573B}.RelWithDebInfo|x64.Build.0 = RelWithDebInfo|x64
		{6173465E-7C08-365F-87B0-A5BC055E7F71}.Debug|x64.ActiveCfg = Debug|x64
		{6173465E-7C08-365F-87B0-A5BC055E7F71}.Debug|x64.Build.0 = Debug|x64
		{6173465E-7C08-365F-87B0-A5BC055E7F71}.Release|x64.ActiveCfg = Release|x64
		{6173465E-7C08-365F-87B0-A5BC055E7F71}.Release|x64.Build.0 = Release|x64
		{6173465E-7C08-365F-87B0-A5BC055E7F71}.MinSizeRel|x64.ActiveCfg = MinSizeRel|x64
		{6173465E-7C08-365F-87B0-A5BC055E7F71}.MinSizeRel|x64.Build.0 = MinSizeRel|x64
		{6173465E-7C08-365F-87B0-A5BC055E7F71}.RelWithDebInfo|x64.ActiveCfg = RelWithDebInfo|x64
		{6173465E-7C08-365F-87B0-A5BC055E7F71}.RelWithDebInfo|x64.Build.0 = RelWithDebInfo|x64
		{6C725DA7-594E-39FA-B1D9-CFB734C9437E}.Debug|x64.ActiveCfg = Debug|x64
		{6C725DA7-594E-39FA-B1D9-CFB734C9437E}.Debug|x64.Build.0 = Debug|x64
		{6C725DA7-594E-39FA-B1D9-CFB734C9437E}.Release|x64.ActiveCfg = Release|x64
		{6C725DA7-594E-39FA-B1D9-CFB734C9437E}.Release|x64.Build.0 = Release|x64
		{6C725DA7-594E-39FA-B1D9-CFB734C9437E}.MinSizeRel|x64.ActiveCfg = MinSizeRel|x64
		{6C725DA7-594E-39FA-B1D9-CFB734C9437E}.MinSizeRel|x64.Build.0 = MinSizeRel|x64
		{6C725DA7-594E-39FA-B1D9-CFB734C9437E}.RelWithDebInfo|x64.ActiveCfg = RelWithDebInfo|x64
		{6C725DA7-594E-39FA-B1D9-CFB734C9437E}.RelWithDebInfo|x64.Build.0 = RelWithDebInfo|x64
		{A643A813-5F82-3D95-AEA7-0D09739D42CC}.Debug|x64.ActiveCfg = Debug|x64
		{A643A813-5F82-3D95-AEA7-0D09739D42CC}.Debug|x64.Build.0 = Debug|x64
		{A643A813-5F82-3D95-AEA7-0D09739D42CC}.Release|x64.ActiveCfg = Release|x64
		{A643A813-5F82-3D95-AEA7-0D09739D42CC}.Release|x64.Build.0 = Release|x64
		{A643A813-5F82-3D95-AEA7-0D09739D42CC}.MinSizeRel|x64.ActiveCfg = MinSizeRel|x64
		{A643A813-5F82-3D95-AEA7-0D09739D42CC}.MinSizeRel|x64.Build.0 = MinSizeRel|x64
		{A643A813-5F82-3D95-AEA7-0D09739D42CC}.RelWithDebInfo|x64.ActiveCfg = RelWithDebInfo|x64
		{A643A813-5F82-3D95-AEA7-0D09739D42CC}.RelWithDebInfo|x64.Build.0 = RelWithDebInfo|x64
		{0E0D0FD6-54E7-3F15-A9E9-E7BC4A0559C1}.Debug|x64.ActiveCfg = Debug|x64
		{0E0D0FD6-54E7-3F15-A9E9-E7BC4A0559C1}.Debug|x64.Build.0 = Debug|x64
		{0E0D0FD6-54E7-3F15-A9E9-E7BC4A0559C1}.Release|x64.ActiveCfg = Release|x64
		{0E0D0FD6-54E7-3F15-A9E9-E7BC4A0559C1}.Release|x64.Build.0 = Release|x64
		{0E0D0FD6-54E7-3F15-A9E9-E7BC4A0559C1}.MinSizeRel|x64.ActiveCfg = MinSizeRel|x64
		{0E0D0FD6-54E7-3F15-A9E9-E7BC4A0559C1}.MinSizeRel|x64.Build.0 = MinSizeRel|x64
		{0E0D0FD6-54E7-3F15-A9E9-E7BC4A0559C1}.RelWithDebInfo|x64.ActiveCfg = RelWithDebInfo|x64
		{0E0D0FD6-54E7-3F15-A9E9-E7BC4A0559C1}.RelWithDebInfo|x64.Build.0 = RelWithDebInfo|x64
		{5734807B-8932-3B2E-A6F6-D992DC11FFAC}.Debug|x64.ActiveCfg = Debug|x64
		{5734807B-8932-3B2E-A6F6-D992DC11FFAC}.Debug|x64.Build.0 = Debug|x64
		{5734807B-8932-3B2E-A6F6-D992DC11FFAC}.Release|x64.ActiveCfg = Release|x64
		{5734807B-8932-3B2E-A6F6-D992DC11FFAC}.Release|x64.Build.0 = Release|x64
		{5734807B-8932-3B2E-A6F6-D992DC11FFAC}.MinSizeRel|x64.ActiveCfg = MinSizeRel|x64
		{5734807B-8932-3B2E-A6F6-D992DC11FFAC}.MinSizeRel|x64.Build.0 = MinSizeRel|x64
		{5734807B-8932-3B2E-A6F6-D992DC11FFAC}.RelWithDebInfo|x64.ActiveCfg = RelWithDebInfo|x64
		{5734807B-8932-3B2E-A6F6-D992DC11FFAC}.RelWithDebInfo|x64.Build.0 = RelWithDebInfo|x64
		{2BAF5968-E1A5-35A5-A629-B85030530159}.Debug|x64.ActiveCfg = Debug|x64
		{2BAF5968-E1A5-35A5-A629-B85030530159}.Debug|x64.Build.0 = Debug|x64
		{2BAF5968-E1A5-35A5-A629-B85030530159}.Release|x64.ActiveCfg = Release|x64
		{2BAF5968-E1A5-35A5-A629-B85030530159}.Release|x64.Build.0 = Release|x64
		{2BAF5968-E1A5-35A5-A629-B85030530159}.MinSizeRel|x64.ActiveCfg = MinSizeRel|x64
		{2BAF5968-E1A5-35A5-A629-B85030530159}.MinSizeRel|x64.Build.0 = MinSizeRel|x64
		{2BAF5968-E1A5-35A5-A629-B85030530159}.RelWithDebInfo|x64.ActiveCfg = RelWithDebInfo|x64
		{2BAF5968-E1A5-35A5-A629-B85030530159}.RelWithDebInfo|x64.Build.0 = RelWithDebInfo|x64
		{5D35D87E-55AD-3243-973E-A141B3D27C6D}.Debug|x64.ActiveCfg = Debug|x64
		{5D35D87E-55AD-3243-973E-A141B3D27C6D}.Debug|x64.Build.0 = Debug|x64
		{5D35D87E-55AD-3243-973E-A141B3D27C6D}.Release|x64.ActiveCfg = Release|x64
		{5D35D87E-55AD-3243-973E-A141B3D27C6D}.Release|x64.Build.0 = Release|x64
		{5D35D87E-55AD-3243-973E-A141B3D27C6D}.MinSizeRel|x64.ActiveCfg = MinSizeRel|x64
		{5D35D87E-55AD-3243-973E-A141B3D27C6D}.MinSizeRel|x64.Build.0 = MinSizeRel|x64
		{5D35D87E-55AD-3243-973E-A141B3D27C6D}.RelWithDebInfo|x64.ActiveCfg = RelWithDebInfo|x64
		{5D35D87E-55AD-3243-973E-A141B3D27C6D}.RelWithDebInfo|x64.Build.0 = RelWithDebInfo|x64
		{C615B889-EF1F-34C2-B845-36019CE23325}.Debug|x64.ActiveCfg = Debug|x64
		{C615B889-EF1F-34C2-B845-36019CE23325}.Debug|x64.Build.0 = Debug|x64
		{C615B889-EF1F-34C2-B845-36019CE23325}.Release|x64.ActiveCfg = Release|x64
		{C615B889-EF1F-34C2-B845-36019CE23325}.Release|x64.Build.0 = Release|x64
		{C615B889-EF1F-34C2-B845-36019CE23325}.MinSizeRel|x64.ActiveCfg = MinSizeRel|x64
		{C615B889-EF1F-34C2-B845-36019CE23325}.MinSizeRel|x64.Build.0 = MinSizeRel|x64
		{C615B889-EF1F-34C2-B845-36019CE23325}.RelWithDebInfo|x64.ActiveCfg = RelWithDebInfo|x64
		{C615B889-EF1F-34C2-B845-36019CE23325}.RelWithDebInfo|x64.Build.0 = RelWithDebInfo|x64
		{4C463361-FEAC-3E78-ADC5-74D1BF92C70F}.Debug|x64.ActiveCfg = Debug|x64
		{4C463361-FEAC-3E78-ADC5-74D1BF92C70F}.Debug|x64.Build.0 = Debug|x64
		{4C463361-FEAC-3E78-ADC5-74D1BF92C70F}.Release|x64.ActiveCfg = Release|x64
		{4C463361-FEAC-3E78-ADC5-74D1BF92C70F}.Release|x64.Build.0 = Release|x64
		{4C463361-FEAC-3E78-ADC5-74D1BF92C70F}.MinSizeRel|x64.ActiveCfg = MinSizeRel|x64
		{4C463361-FEAC-3E78-ADC5-74D1BF92C70F}.MinSizeRel|x64.Build.0 = MinSizeRel|x64
		{4C463361-FEAC-3E78-ADC5-74D1BF92C70F}.RelWithDebInfo|x64.ActiveCfg = RelWithDebInfo|x64
		{4C463361-FEAC-3E78-ADC5-74D1BF92C70F}.RelWithDebInfo|x64.Build.0 = RelWithDebInfo|x64
		{956D1EEB-BA64-3912-B85B-7143E7485A59}.Debug|x64.ActiveCfg = Debug|x64
		{956D1EEB-BA64-3912-B85B-7143E7485A59}.Debug|x64.Build.0 = Debug|x64
		{956D1EEB-BA64-3912-B85B-7143E7485A59}.Release|x64.ActiveCfg = Release|x64
		{956D1EEB-BA64-3912-B85B-7143E7485A59}.Release|x64.Build.0 = Release|x64
		{956D1EEB-BA64-3912-B85B-7143E7485A59}.MinSizeRel|x64.ActiveCfg = MinSizeRel|x64
		{956D1EEB-BA64-3912-B85B-7143E7485A59}.MinSizeRel|x64.Build.0 = MinSizeRel|x64
		{956D1EEB-BA64-3912-B85B-7143E7485A59}.RelWithDebInfo|x64.ActiveCfg = RelWithDebInfo|x64
		{956D1EEB-BA64-3912-B85B-7143E7485A59}.RelWithDebInfo|x64.Build.0 = RelWithDebInfo|x64
		{DE968F1F-1E16-3E60-835F-D327F990C167}.Debug|x64.ActiveCfg = Debug|x64
		{DE968F1F-1E16-3E60-835F-D327F990C167}.Debug|x64.Build.0 = Debug|x64
		{DE968F1F-1E16-3E60-835F-D327F990C167}.Release|x64.ActiveCfg = Release|x64
		{DE968F1F-1E16-3E60-835F-D327F990C167}.Release|x64.Build.0 = Release|x64
		{DE968F1F-1E16-3E60-835F-D327F990C167}.MinSizeRel|x64.ActiveCfg = MinSizeRel|x64
		{DE968F1F-1E16-3E60-835F-D327F990C167}.MinSizeRel|x64.Build.0 = MinSizeRel|x64
		{DE968F1F-1E16-3E60-835F-D327F990C167}.RelWithDebInfo|x64.ActiveCfg = RelWithDebInfo|x64
		{DE968F1F-1E16-3E60-835F-D327F990C167}.RelWithDebInfo|x64.Build.0 = RelWithDebInfo|x64
		{6214090C-DF08-3AC2-B24C-374A864C6782}.Debug|x64.ActiveCfg = Debug|x64
		{6214090C-DF08-3AC2-B24C-374A864C6782}.Debug|x64.Build.0 = Debug|x64
		{6214090C-DF08-3AC2-B24C-374A864C6782}.Release|x64.ActiveCfg = Release|x64
		{6214090C-DF08-3AC2-B24C-374A864C6782}.Release|x64.Build.0 = Release|x64
		{6214090C-DF08-3AC2-B24C-374A864C6782}.MinSizeRel|x64.ActiveCfg = MinSizeRel|x64
		{6214090C-DF08-3AC2-B24C-374A864C6782}.MinSizeRel|x64.Build.0 = MinSizeRel|x64
		{6214090C-DF08-3AC2-B24C-374A864C6782}.RelWithDebInfo|x64.ActiveCfg = RelWithDebInfo|x64
		{6214090C-DF08-3AC2-B24C-374A864C6782}.RelWithDebInfo|x64.Build.0 = RelWithDebInfo|x64
		{D4382792-5038-3D31-8188-16B302976B32}.Debug|x64.ActiveCfg = Debug|x64
		{D4382792-5038-3D31-8188-16B302976B32}.Debug|x64.Build.0 = Debug|x64
		{D4382792-5038-3D31-8188-16B302976B32}.Release|x64.ActiveCfg = Release|x64
		{D4382792-5038-3D31-8188-16B302976B32}.Release|x64.Build.0 = Release|x64
		{D4382792-5038-3D31-8188-16B302976B32}.MinSizeRel|x64.ActiveCfg = MinSizeRel|x64
		{D4382792-5038-3D31-8188-16B302976B32}.MinSizeRel|x64.Build.0 = MinSizeRel|x64
		{D4382792-5038-3D31-8188-16B302976B32}.RelWithDebInfo|x64.ActiveCfg = RelWithDebInfo|x64
		{D4382792-5038-3D31-8188-16B302976B32}.RelWithDebInfo|x64.Build.0 = RelWithDebInfo|x64
		{101B5068-A0CA-3E72-B90F-711436DD0564}.Debug|x64.ActiveCfg = Debug|x64
		{101B5068-A0CA-3E72-B90F-711436DD0564}.Debug|x64.Build.0 = Debug|x64
		{101B5068-A0CA-3E72-B90F-711436DD0564}.Release|x64.ActiveCfg = Release|x64
		{101B5068-A0CA-3E72-B90F-711436DD0564}.Release|x64.Build.0 = Release|x64
		{101B5068-A0CA-3E72-B90F-711436DD0564}.MinSizeRel|x64.ActiveCfg = MinSizeRel|x64
		{101B5068-A0CA-3E72-B90F-711436DD0564}.MinSizeRel|x64.Build.0 = MinSizeRel|x64
		{101B5068-A0CA-3E72-B90F-711436DD0564}.RelWithDebInfo|x64.ActiveCfg = RelWithDebInfo|x64
		{101B5068-A0CA-3E72-B90F-711436DD0564}.RelWithDebInfo|x64.Build.0 = RelWithDebInfo|x64
		{75A0D4AF-AD33-3B92-AA3E-53726E3B216D}.Debug|x64.ActiveCfg = Debug|x64
		{75A0D4AF-AD33-3B92-AA3E-53726E3B216D}.Debug|x64.Build.0 = Debug|x64
		{75A0D4AF-AD33-3B92-AA3E-53726E3B216D}.Release|x64.ActiveCfg = Release|x64
		{75A0D4AF-AD33-3B92-AA3E-53726E3B216D}.Release|x64.Build.0 = Release|x64
		{75A0D4AF-AD33-3B92-AA3E-53726E3B216D}.MinSizeRel|x64.ActiveCfg = MinSizeRel|x64
		{75A0D4AF-AD33-3B92-AA3E-53726E3B216D}.MinSizeRel|x64.Build.0 = MinSizeRel|x64
		{75A0D4AF-AD33-3B92-AA3E-53726E3B216D}.RelWithDebInfo|x64.ActiveCfg = RelWithDebInfo|x64
		{75A0D4AF-AD33-3B92-AA3E-53726E3B216D}.RelWithDebInfo|x64.Build.0 = RelWithDebInfo|x64
		{AC9E2917-E0DE-36EE-A19C-EB46BCD729FF}.Debug|x64.ActiveCfg = Debug|x64
		{AC9E2917-E0DE-36EE-A19C-EB46BCD729FF}.Debug|x64.Build.0 = Debug|x64
		{AC9E2917-E0DE-36EE-A19C-EB46BCD729FF}.Release|x64.ActiveCfg = Release|x64
		{AC9E2917-E0DE-36EE-A19C-EB46BCD729FF}.Release|x64.Build.0 = Release|x64
		{AC9E2917-E0DE-36EE-A19C-EB46BCD729FF}.MinSizeRel|x64.ActiveCfg = MinSizeRel|x64
		{AC9E2917-E0DE-36EE-A19C-EB46BCD729FF}.MinSizeRel|x64.Build.0 = MinSizeRel|x64
		{AC9E2917-E0DE-36EE-A19C-EB46BCD729FF}.RelWithDebInfo|x64.ActiveCfg = RelWithDebInfo|x64
		{AC9E2917-E0DE-36EE-A19C-EB46BCD729FF}.RelWithDebInfo|x64.Build.0 = RelWithDebInfo|x64
		{CF006960-E83E-32D7-9813-2EC8573FE6D9}.Debug|x64.ActiveCfg = Debug|x64
		{CF006960-E83E-32D7-9813-2EC8573FE6D9}.Debug|x64.Build.0 = Debug|x64
		{CF006960-E83E-32D7-9813-2EC8573FE6D9}.Release|x64.ActiveCfg = Release|x64
		{CF006960-E83E-32D7-9813-2EC8573FE6D9}.Release|x64.Build.0 = Release|x64
		{CF006960-E83E-32D7-9813-2EC8573FE6D9}.MinSizeRel|x64.ActiveCfg = MinSizeRel|x64
		{CF006960-E83E-32D7-9813-2EC8573FE6D9}.MinSizeRel|x64.Build.0 = MinSizeRel|x64
		{CF006960-E83E-32D7-9813-2EC8573FE6D9}.RelWithDebInfo|x64.ActiveCfg = RelWithDebInfo|x64
		{CF006960-E83E-32D7-9813-2EC8573FE6D9}.RelWithDebInfo|x64.Build.0 = RelWithDebInfo|x64
		{5B455078-C168-368C-8148-3F2E0AA797E8}.Debug|x64.ActiveCfg = Debug|x64
		{5B455078-C168-368C-8148-3F2E0AA797E8}.Debug|x64.Build.0 = Debug|x64
		{5B455078-C168-368C-8148-3F2E0AA797E8}.Release|x64.ActiveCfg = Release|x64
		{5B455078-C168-368C-8148-3F2E0AA797E8}.Release|x64.Build.0 = Release|x64
		{5B455078-C168-368C-8148-3F2E0AA797E8}.MinSizeRel|x64.ActiveCfg = MinSizeRel|x64
		{5B455078-C168-368C-8148-3F2E0AA797E8}.MinSizeRel|x64.Build.0 = MinSizeRel|x64
		{5B455078-C168-368C-8148-3F2E0AA797E8}.RelWithDebInfo|x64.ActiveCfg = RelWithDebInfo|x64
		{5B455078-C168-368C-8148-3F2E0AA797E8}.RelWithDebInfo|x64.Build.0 = RelWithDebInfo|x64
		{068386F0-BF16-35C0-960C-D2F2D54B5959}.Debug|x64.ActiveCfg = Debug|x64
		{068386F0-BF16-35C0-960C-D2F2D54B5959}.Debug|x64.Build.0 = Debug|x64
		{068386F0-BF16-35C0-960C-D2F2D54B5959}.Release|x64.ActiveCfg = Release|x64
		{068386F0-BF16-35C0-960C-D2F2D54B5959}.Release|x64.Build.0 = Release|x64
		{068386F0-BF16-35C0-960C-D2F2D54B5959}.MinSizeRel|x64.ActiveCfg = MinSizeRel|x64
		{068386F0-BF16-35C0-960C-D2F2D54B5959}.MinSizeRel|x64.Build.0 = MinSizeRel|x64
		{068386F0-BF16-35C0-960C-D2F2D54B5959}.RelWithDebInfo|x64.ActiveCfg = RelWithDebInfo|x64
		{068386F0-BF16-35C0-960C-D2F2D54B5959}.RelWithDebInfo|x64.Build.0 = RelWithDebInfo|x64
		{5C11F074-5427-3E5E-A171-78AC80CE25CB}.Debug|x64.ActiveCfg = Debug|x64
		{5C11F074-5427-3E5E-A171-78AC80CE25CB}.Debug|x64.Build.0 = Debug|x64
		{5C11F074-5427-3E5E-A171-78AC80CE25CB}.Release|x64.ActiveCfg = Release|x64
		{5C11F074-5427-3E5E-A171-78AC80CE25CB}.Release|x64.Build.0 = Release|x64
		{5C11F074-5427-3E5E-A171-78AC80CE25CB}.MinSizeRel|x64.ActiveCfg = MinSizeRel|x64
		{5C11F074-5427-3E5E-A171-78AC80CE25CB}.MinSizeRel|x64.Build.0 = MinSizeRel|x64
		{5C11F074-5427-3E5E-A171-78AC80CE25CB}.RelWithDebInfo|x64.ActiveCfg = RelWithDebInfo|x64
		{5C11F074-5427-3E5E-A171-78AC80CE25CB}.RelWithDebInfo|x64.Build.0 = RelWithDebInfo|x64
	EndGlobalSection
	GlobalSection(ExtensibilityGlobals) = postSolution
		SolutionGuid = {8A23B2FE-9519-3EAE-801D-DE7A22C33A96}
	EndGlobalSection
	GlobalSection(ExtensibilityAddIns) = postSolution
	EndGlobalSection
EndGlobal
