Microsoft Visual Studio Solution File, Format Version 12.00
# Visual Studio 15
Project("{8BC9CEB8-8B4A-11D0-8D11-00A0C91BC942}") = "ALL_BUILD", "ALL_BUILD.vcxproj", "{39C58041-A484-3896-BCC4-62081BCE3467}"
	ProjectSection(ProjectDependencies) = postProject
		{F5473102-6562-30AF-88C1-0EB51392696C} = {F5473102-6562-30AF-88C1-0EB51392696C}
		{674D1781-02C7-3598-BF05-ACF0BF98FE84} = {674D1781-02C7-3598-BF05-ACF0BF98FE84}
	EndProjectSection
EndProject
Project("{8BC9CEB8-8B4A-11D0-8D11-00A0C91BC942}") = "ZERO_CHECK", "ZERO_CHECK.vcxproj", "{F5473102-6562-30AF-88C1-0EB51392696C}"
	ProjectSection(ProjectDependencies) = postProject
	EndProjectSection
EndProject
Project("{8BC9CEB8-8B4A-11D0-8D11-00A0C91BC942}") = "ska_draw", "ska_draw.vcxproj", "{674D1781-02C7-3598-BF05-ACF0BF98FE84}"
	ProjectSection(ProjectDependencies) = postProject
		{F5473102-6562-30AF-88C1-0EB51392696C} = {F5473102-6562-30AF-88C1-0EB51392696C}
	EndProjectSection
EndProject
Global
	GlobalSection(SolutionConfigurationPlatforms) = preSolution
		Debug|Win32 = Debug|Win32
		Release|Win32 = Release|Win32
		MinSizeRel|Win32 = MinSizeRel|Win32
		RelWithDebInfo|Win32 = RelWithDebInfo|Win32
	EndGlobalSection
	GlobalSection(ProjectConfigurationPlatforms) = postSolution
		{39C58041-A484-3896-BCC4-62081BCE3467}.Debug|Win32.ActiveCfg = Debug|Win32
		{39C58041-A484-3896-BCC4-62081BCE3467}.Release|Win32.ActiveCfg = Release|Win32
		{39C58041-A484-3896-BCC4-62081BCE3467}.MinSizeRel|Win32.ActiveCfg = MinSizeRel|Win32
		{39C58041-A484-3896-BCC4-62081BCE3467}.RelWithDebInfo|Win32.ActiveCfg = RelWithDebInfo|Win32
		{F5473102-6562-30AF-88C1-0EB51392696C}.Debug|Win32.ActiveCfg = Debug|Win32
		{F5473102-6562-30AF-88C1-0EB51392696C}.Debug|Win32.Build.0 = Debug|Win32
		{F5473102-6562-30AF-88C1-0EB51392696C}.Release|Win32.ActiveCfg = Release|Win32
		{F5473102-6562-30AF-88C1-0EB51392696C}.Release|Win32.Build.0 = Release|Win32
		{F5473102-6562-30AF-88C1-0EB51392696C}.MinSizeRel|Win32.ActiveCfg = MinSizeRel|Win32
		{F5473102-6562-30AF-88C1-0EB51392696C}.MinSizeRel|Win32.Build.0 = MinSizeRel|Win32
		{F5473102-6562-30AF-88C1-0EB51392696C}.RelWithDebInfo|Win32.ActiveCfg = RelWithDebInfo|Win32
		{F5473102-6562-30AF-88C1-0EB51392696C}.RelWithDebInfo|Win32.Build.0 = RelWithDebInfo|Win32
		{674D1781-02C7-3598-BF05-ACF0BF98FE84}.Debug|Win32.ActiveCfg = Debug|Win32
		{674D1781-02C7-3598-BF05-ACF0BF98FE84}.Debug|Win32.Build.0 = Debug|Win32
		{674D1781-02C7-3598-BF05-ACF0BF98FE84}.Release|Win32.ActiveCfg = Release|Win32
		{674D1781-02C7-3598-BF05-ACF0BF98FE84}.Release|Win32.Build.0 = Release|Win32
		{674D1781-02C7-3598-BF05-ACF0BF98FE84}.MinSizeRel|Win32.ActiveCfg = MinSizeRel|Win32
		{674D1781-02C7-3598-BF05-ACF0BF98FE84}.MinSizeRel|Win32.Build.0 = MinSizeRel|Win32
		{674D1781-02C7-3598-BF05-ACF0BF98FE84}.RelWithDebInfo|Win32.ActiveCfg = RelWithDebInfo|Win32
		{674D1781-02C7-3598-BF05-ACF0BF98FE84}.RelWithDebInfo|Win32.Build.0 = RelWithDebInfo|Win32
	EndGlobalSection
	GlobalSection(ExtensibilityGlobals) = postSolution
		SolutionGuid = {CC2E1A4C-CDB0-39B4-B5DA-D15EF394DCC5}
	EndGlobalSection
	GlobalSection(ExtensibilityAddIns) = postSolution
	EndGlobalSection
EndGlobal
