Microsoft Visual Studio Solution File, Format Version 12.00
# Visual Studio 15
Project("{8BC9CEB8-8B4A-11D0-8D11-00A0C91BC942}") = "ALL_BUILD", "ALL_BUILD.vcxproj", "{31D0DA0E-2F14-38BA-93DF-E6C4C89FBEAF}"
	ProjectSection(ProjectDependencies) = postProject
		{053F7C1A-3AD9-3DF1-813A-666BBB07738C} = {053F7C1A-3AD9-3DF1-813A-666BBB07738C}
		{020EC70E-E392-3EAE-AF5E-6B7581DC7AA4} = {020EC70E-E392-3EAE-AF5E-6B7581DC7AA4}
	EndProjectSection
EndProject
Project("{8BC9CEB8-8B4A-11D0-8D11-00A0C91BC942}") = "ZERO_CHECK", "ZERO_CHECK.vcxproj", "{053F7C1A-3AD9-3DF1-813A-666BBB07738C}"
	ProjectSection(ProjectDependencies) = postProject
	EndProjectSection
EndProject
Project("{8BC9CEB8-8B4A-11D0-8D11-00A0C91BC942}") = "ska_ai", "ska_ai.vcxproj", "{020EC70E-E392-3EAE-AF5E-6B7581DC7AA4}"
	ProjectSection(ProjectDependencies) = postProject
		{053F7C1A-3AD9-3DF1-813A-666BBB07738C} = {053F7C1A-3AD9-3DF1-813A-666BBB07738C}
	EndProjectSection
EndProject
Global
	GlobalSection(SolutionConfigurationPlatforms) = preSolution
		Debug|Win32 = Debug|Win32
		Release|Win32 = Release|Win32
		MinSizeRel|Win32 = MinSizeRel|Win32
		RelWithDebInfo|Win32 = RelWithDebInfo|Win32
	EndGlobalSection
	GlobalSection(ProjectConfigurationPlatforms) = postSolution
		{31D0DA0E-2F14-38BA-93DF-E6C4C89FBEAF}.Debug|Win32.ActiveCfg = Debug|Win32
		{31D0DA0E-2F14-38BA-93DF-E6C4C89FBEAF}.Release|Win32.ActiveCfg = Release|Win32
		{31D0DA0E-2F14-38BA-93DF-E6C4C89FBEAF}.MinSizeRel|Win32.ActiveCfg = MinSizeRel|Win32
		{31D0DA0E-2F14-38BA-93DF-E6C4C89FBEAF}.RelWithDebInfo|Win32.ActiveCfg = RelWithDebInfo|Win32
		{053F7C1A-3AD9-3DF1-813A-666BBB07738C}.Debug|Win32.ActiveCfg = Debug|Win32
		{053F7C1A-3AD9-3DF1-813A-666BBB07738C}.Debug|Win32.Build.0 = Debug|Win32
		{053F7C1A-3AD9-3DF1-813A-666BBB07738C}.Release|Win32.ActiveCfg = Release|Win32
		{053F7C1A-3AD9-3DF1-813A-666BBB07738C}.Release|Win32.Build.0 = Release|Win32
		{053F7C1A-3AD9-3DF1-813A-666BBB07738C}.MinSizeRel|Win32.ActiveCfg = MinSizeRel|Win32
		{053F7C1A-3AD9-3DF1-813A-666BBB07738C}.MinSizeRel|Win32.Build.0 = MinSizeRel|Win32
		{053F7C1A-3AD9-3DF1-813A-666BBB07738C}.RelWithDebInfo|Win32.ActiveCfg = RelWithDebInfo|Win32
		{053F7C1A-3AD9-3DF1-813A-666BBB07738C}.RelWithDebInfo|Win32.Build.0 = RelWithDebInfo|Win32
		{020EC70E-E392-3EAE-AF5E-6B7581DC7AA4}.Debug|Win32.ActiveCfg = Debug|Win32
		{020EC70E-E392-3EAE-AF5E-6B7581DC7AA4}.Debug|Win32.Build.0 = Debug|Win32
		{020EC70E-E392-3EAE-AF5E-6B7581DC7AA4}.Release|Win32.ActiveCfg = Release|Win32
		{020EC70E-E392-3EAE-AF5E-6B7581DC7AA4}.Release|Win32.Build.0 = Release|Win32
		{020EC70E-E392-3EAE-AF5E-6B7581DC7AA4}.MinSizeRel|Win32.ActiveCfg = MinSizeRel|Win32
		{020EC70E-E392-3EAE-AF5E-6B7581DC7AA4}.MinSizeRel|Win32.Build.0 = MinSizeRel|Win32
		{020EC70E-E392-3EAE-AF5E-6B7581DC7AA4}.RelWithDebInfo|Win32.ActiveCfg = RelWithDebInfo|Win32
		{020EC70E-E392-3EAE-AF5E-6B7581DC7AA4}.RelWithDebInfo|Win32.Build.0 = RelWithDebInfo|Win32
	EndGlobalSection
	GlobalSection(ExtensibilityGlobals) = postSolution
		SolutionGuid = {20158ED5-6689-30D4-BC5F-A641D8A88EFA}
	EndGlobalSection
	GlobalSection(ExtensibilityAddIns) = postSolution
	EndGlobalSection
EndGlobal
