Microsoft Visual Studio Solution File, Format Version 12.00
# Visual Studio 15
Project("{8BC9CEB8-8B4A-11D0-8D11-00A0C91BC942}") = "ALL_BUILD", "ALL_BUILD.vcxproj", "{F3D63402-9219-37C6-B61D-43ECE8C7A3F3}"
	ProjectSection(ProjectDependencies) = postProject
		{79014012-2B8D-3A0F-B836-4E5187C4C673} = {79014012-2B8D-3A0F-B836-4E5187C4C673}
		{B04EE0C4-8D5D-389B-84D4-5F2D9CA392CF} = {B04EE0C4-8D5D-389B-84D4-5F2D9CA392CF}
	EndProjectSection
EndProject
Project("{8BC9CEB8-8B4A-11D0-8D11-00A0C91BC942}") = "ZERO_CHECK", "ZERO_CHECK.vcxproj", "{79014012-2B8D-3A0F-B836-4E5187C4C673}"
	ProjectSection(ProjectDependencies) = postProject
	EndProjectSection
EndProject
Project("{8BC9CEB8-8B4A-11D0-8D11-00A0C91BC942}") = "ska_physic", "ska_physic.vcxproj", "{B04EE0C4-8D5D-389B-84D4-5F2D9CA392CF}"
	ProjectSection(ProjectDependencies) = postProject
		{79014012-2B8D-3A0F-B836-4E5187C4C673} = {79014012-2B8D-3A0F-B836-4E5187C4C673}
	EndProjectSection
EndProject
Global
	GlobalSection(SolutionConfigurationPlatforms) = preSolution
		Debug|Win32 = Debug|Win32
		Release|Win32 = Release|Win32
		MinSizeRel|Win32 = MinSizeRel|Win32
		RelWithDebInfo|Win32 = RelWithDebInfo|Win32
	EndGlobalSection
	GlobalSection(ProjectConfigurationPlatforms) = postSolution
		{F3D63402-9219-37C6-B61D-43ECE8C7A3F3}.Debug|Win32.ActiveCfg = Debug|Win32
		{F3D63402-9219-37C6-B61D-43ECE8C7A3F3}.Release|Win32.ActiveCfg = Release|Win32
		{F3D63402-9219-37C6-B61D-43ECE8C7A3F3}.MinSizeRel|Win32.ActiveCfg = MinSizeRel|Win32
		{F3D63402-9219-37C6-B61D-43ECE8C7A3F3}.RelWithDebInfo|Win32.ActiveCfg = RelWithDebInfo|Win32
		{79014012-2B8D-3A0F-B836-4E5187C4C673}.Debug|Win32.ActiveCfg = Debug|Win32
		{79014012-2B8D-3A0F-B836-4E5187C4C673}.Debug|Win32.Build.0 = Debug|Win32
		{79014012-2B8D-3A0F-B836-4E5187C4C673}.Release|Win32.ActiveCfg = Release|Win32
		{79014012-2B8D-3A0F-B836-4E5187C4C673}.Release|Win32.Build.0 = Release|Win32
		{79014012-2B8D-3A0F-B836-4E5187C4C673}.MinSizeRel|Win32.ActiveCfg = MinSizeRel|Win32
		{79014012-2B8D-3A0F-B836-4E5187C4C673}.MinSizeRel|Win32.Build.0 = MinSizeRel|Win32
		{79014012-2B8D-3A0F-B836-4E5187C4C673}.RelWithDebInfo|Win32.ActiveCfg = RelWithDebInfo|Win32
		{79014012-2B8D-3A0F-B836-4E5187C4C673}.RelWithDebInfo|Win32.Build.0 = RelWithDebInfo|Win32
		{B04EE0C4-8D5D-389B-84D4-5F2D9CA392CF}.Debug|Win32.ActiveCfg = Debug|Win32
		{B04EE0C4-8D5D-389B-84D4-5F2D9CA392CF}.Debug|Win32.Build.0 = Debug|Win32
		{B04EE0C4-8D5D-389B-84D4-5F2D9CA392CF}.Release|Win32.ActiveCfg = Release|Win32
		{B04EE0C4-8D5D-389B-84D4-5F2D9CA392CF}.Release|Win32.Build.0 = Release|Win32
		{B04EE0C4-8D5D-389B-84D4-5F2D9CA392CF}.MinSizeRel|Win32.ActiveCfg = MinSizeRel|Win32
		{B04EE0C4-8D5D-389B-84D4-5F2D9CA392CF}.MinSizeRel|Win32.Build.0 = MinSizeRel|Win32
		{B04EE0C4-8D5D-389B-84D4-5F2D9CA392CF}.RelWithDebInfo|Win32.ActiveCfg = RelWithDebInfo|Win32
		{B04EE0C4-8D5D-389B-84D4-5F2D9CA392CF}.RelWithDebInfo|Win32.Build.0 = RelWithDebInfo|Win32
	EndGlobalSection
	GlobalSection(ExtensibilityGlobals) = postSolution
		SolutionGuid = {D3F10B90-A110-3245-A0BD-4A9BD1929B40}
	EndGlobalSection
	GlobalSection(ExtensibilityAddIns) = postSolution
	EndGlobalSection
EndGlobal
