<?xml version="1.0" encoding="UTF-8"?>
<Project ToolsVersion="15.0" xmlns="http://schemas.microsoft.com/developer/msbuild/2003">
  <ItemGroup>
    <CustomBuild Include="D:\Users\Brice\Source\Repos\ska\ska_physic\CMakeFiles\57aed96ceb116ba15d9d69807ce5406b\generate.stamp.rule">
      <Filter>CMake Rules</Filter>
    </CustomBuild>
  </ItemGroup>
  <ItemGroup>
    <Filter Include="CMake Rules">
      <UniqueIdentifier>{0A4447FC-CDDA-37BE-BF92-0A6C25AB7CAE}</UniqueIdentifier>
    </Filter>
  </ItemGroup>
</Project>
