Microsoft Visual Studio Solution File, Format Version 12.00
# Visual Studio 15
Project("{8BC9CEB8-8B4A-11D0-8D11-00A0C91BC942}") = "ALL_BUILD", "ALL_BUILD.vcxproj", "{577EAA06-9644-3296-BD75-7C6F5D4B5050}"
	ProjectSection(ProjectDependencies) = postProject
		{724340F5-0D1B-31B1-A16A-45009FD279C4} = {724340F5-0D1B-31B1-A16A-45009FD279C4}
		{80563FE1-3809-3669-8387-77572880EE72} = {80563FE1-3809-3669-8387-77572880EE72}
	EndProjectSection
EndProject
Project("{8BC9CEB8-8B4A-11D0-8D11-00A0C91BC942}") = "ZERO_CHECK", "ZERO_CHECK.vcxproj", "{724340F5-0D1B-31B1-A16A-45009FD279C4}"
	ProjectSection(ProjectDependencies) = postProject
	EndProjectSection
EndProject
Project("{8BC9CEB8-8B4A-11D0-8D11-00A0C91BC942}") = "ska_core_test", "ska_core_test.vcxproj", "{80563FE1-3809-3669-8387-77572880EE72}"
	ProjectSection(ProjectDependencies) = postProject
		{724340F5-0D1B-31B1-A16A-45009FD279C4} = {724340F5-0D1B-31B1-A16A-45009FD279C4}
	EndProjectSection
EndProject
Global
	GlobalSection(SolutionConfigurationPlatforms) = preSolution
		Debug|Win32 = Debug|Win32
		Release|Win32 = Release|Win32
		MinSizeRel|Win32 = MinSizeRel|Win32
		RelWithDebInfo|Win32 = RelWithDebInfo|Win32
	EndGlobalSection
	GlobalSection(ProjectConfigurationPlatforms) = postSolution
		{577EAA06-9644-3296-BD75-7C6F5D4B5050}.Debug|Win32.ActiveCfg = Debug|Win32
		{577EAA06-9644-3296-BD75-7C6F5D4B5050}.Release|Win32.ActiveCfg = Release|Win32
		{577EAA06-9644-3296-BD75-7C6F5D4B5050}.MinSizeRel|Win32.ActiveCfg = MinSizeRel|Win32
		{577EAA06-9644-3296-BD75-7C6F5D4B5050}.RelWithDebInfo|Win32.ActiveCfg = RelWithDebInfo|Win32
		{724340F5-0D1B-31B1-A16A-45009FD279C4}.Debug|Win32.ActiveCfg = Debug|Win32
		{724340F5-0D1B-31B1-A16A-45009FD279C4}.Debug|Win32.Build.0 = Debug|Win32
		{724340F5-0D1B-31B1-A16A-45009FD279C4}.Release|Win32.ActiveCfg = Release|Win32
		{724340F5-0D1B-31B1-A16A-45009FD279C4}.Release|Win32.Build.0 = Release|Win32
		{724340F5-0D1B-31B1-A16A-45009FD279C4}.MinSizeRel|Win32.ActiveCfg = MinSizeRel|Win32
		{724340F5-0D1B-31B1-A16A-45009FD279C4}.MinSizeRel|Win32.Build.0 = MinSizeRel|Win32
		{724340F5-0D1B-31B1-A16A-45009FD279C4}.RelWithDebInfo|Win32.ActiveCfg = RelWithDebInfo|Win32
		{724340F5-0D1B-31B1-A16A-45009FD279C4}.RelWithDebInfo|Win32.Build.0 = RelWithDebInfo|Win32
		{80563FE1-3809-3669-8387-77572880EE72}.Debug|Win32.ActiveCfg = Debug|Win32
		{80563FE1-3809-3669-8387-77572880EE72}.Debug|Win32.Build.0 = Debug|Win32
		{80563FE1-3809-3669-8387-77572880EE72}.Release|Win32.ActiveCfg = Release|Win32
		{80563FE1-3809-3669-8387-77572880EE72}.Release|Win32.Build.0 = Release|Win32
		{80563FE1-3809-3669-8387-77572880EE72}.MinSizeRel|Win32.ActiveCfg = MinSizeRel|Win32
		{80563FE1-3809-3669-8387-77572880EE72}.MinSizeRel|Win32.Build.0 = MinSizeRel|Win32
		{80563FE1-3809-3669-8387-77572880EE72}.RelWithDebInfo|Win32.ActiveCfg = RelWithDebInfo|Win32
		{80563FE1-3809-3669-8387-77572880EE72}.RelWithDebInfo|Win32.Build.0 = RelWithDebInfo|Win32
	EndGlobalSection
	GlobalSection(ExtensibilityGlobals) = postSolution
		SolutionGuid = {07E3B655-DC1A-3EC1-88DD-047556757880}
	EndGlobalSection
	GlobalSection(ExtensibilityAddIns) = postSolution
	EndGlobalSection
EndGlobal
