<?xml version="1.0" encoding="UTF-8"?>
<Project ToolsVersion="15.0" xmlns="http://schemas.microsoft.com/developer/msbuild/2003">
  <ItemGroup>
    <CustomBuild Include="D:\Users\Brice\Source\Repos\ska\ska_world\CMakeFiles\7be80fd56a792a5f3836ccb0aa9680a0\generate.stamp.rule">
      <Filter>CMake Rules</Filter>
    </CustomBuild>
  </ItemGroup>
  <ItemGroup>
    <Filter Include="CMake Rules">
      <UniqueIdentifier>{DA3751D6-EB40-307B-8B00-1FBBBB70E7D3}</UniqueIdentifier>
    </Filter>
  </ItemGroup>
</Project>
