Microsoft Visual Studio Solution File, Format Version 12.00
# Visual Studio 15
Project("{8BC9CEB8-8B4A-11D0-8D11-00A0C91BC942}") = "ALL_BUILD", "ALL_BUILD.vcxproj", "{FAE0138F-A63A-3320-9FBA-4088BA5EE67B}"
	ProjectSection(ProjectDependencies) = postProject
		{D8DBABFD-7695-38CD-995F-40528CC10CA5} = {D8DBABFD-7695-38CD-995F-40528CC10CA5}
		{E9C91CA1-16CE-3E67-B833-0D04F076EBF0} = {E9C91CA1-16CE-3E67-B833-0D04F076EBF0}
	EndProjectSection
EndProject
Project("{8BC9CEB8-8B4A-11D0-8D11-00A0C91BC942}") = "ZERO_CHECK", "ZERO_CHECK.vcxproj", "{D8DBABFD-7695-38CD-995F-40528CC10CA5}"
	ProjectSection(ProjectDependencies) = postProject
	EndProjectSection
EndProject
Project("{8BC9CEB8-8B4A-11D0-8D11-00A0C91BC942}") = "ska_particle", "ska_particle.vcxproj", "{E9C91CA1-16CE-3E67-B833-0D04F076EBF0}"
	ProjectSection(ProjectDependencies) = postProject
		{D8DBABFD-7695-38CD-995F-40528CC10CA5} = {D8DBABFD-7695-38CD-995F-40528CC10CA5}
	EndProjectSection
EndProject
Global
	GlobalSection(SolutionConfigurationPlatforms) = preSolution
		Debug|Win32 = Debug|Win32
		Release|Win32 = Release|Win32
		MinSizeRel|Win32 = MinSizeRel|Win32
		RelWithDebInfo|Win32 = RelWithDebInfo|Win32
	EndGlobalSection
	GlobalSection(ProjectConfigurationPlatforms) = postSolution
		{FAE0138F-A63A-3320-9FBA-4088BA5EE67B}.Debug|Win32.ActiveCfg = Debug|Win32
		{FAE0138F-A63A-3320-9FBA-4088BA5EE67B}.Release|Win32.ActiveCfg = Release|Win32
		{FAE0138F-A63A-3320-9FBA-4088BA5EE67B}.MinSizeRel|Win32.ActiveCfg = MinSizeRel|Win32
		{FAE0138F-A63A-3320-9FBA-4088BA5EE67B}.RelWithDebInfo|Win32.ActiveCfg = RelWithDebInfo|Win32
		{D8DBABFD-7695-38CD-995F-40528CC10CA5}.Debug|Win32.ActiveCfg = Debug|Win32
		{D8DBABFD-7695-38CD-995F-40528CC10CA5}.Debug|Win32.Build.0 = Debug|Win32
		{D8DBABFD-7695-38CD-995F-40528CC10CA5}.Release|Win32.ActiveCfg = Release|Win32
		{D8DBABFD-7695-38CD-995F-40528CC10CA5}.Release|Win32.Build.0 = Release|Win32
		{D8DBABFD-7695-38CD-995F-40528CC10CA5}.MinSizeRel|Win32.ActiveCfg = MinSizeRel|Win32
		{D8DBABFD-7695-38CD-995F-40528CC10CA5}.MinSizeRel|Win32.Build.0 = MinSizeRel|Win32
		{D8DBABFD-7695-38CD-995F-40528CC10CA5}.RelWithDebInfo|Win32.ActiveCfg = RelWithDebInfo|Win32
		{D8DBABFD-7695-38CD-995F-40528CC10CA5}.RelWithDebInfo|Win32.Build.0 = RelWithDebInfo|Win32
		{E9C91CA1-16CE-3E67-B833-0D04F076EBF0}.Debug|Win32.ActiveCfg = Debug|Win32
		{E9C91CA1-16CE-3E67-B833-0D04F076EBF0}.Debug|Win32.Build.0 = Debug|Win32
		{E9C91CA1-16CE-3E67-B833-0D04F076EBF0}.Release|Win32.ActiveCfg = Release|Win32
		{E9C91CA1-16CE-3E67-B833-0D04F076EBF0}.Release|Win32.Build.0 = Release|Win32
		{E9C91CA1-16CE-3E67-B833-0D04F076EBF0}.MinSizeRel|Win32.ActiveCfg = MinSizeRel|Win32
		{E9C91CA1-16CE-3E67-B833-0D04F076EBF0}.MinSizeRel|Win32.Build.0 = MinSizeRel|Win32
		{E9C91CA1-16CE-3E67-B833-0D04F076EBF0}.RelWithDebInfo|Win32.ActiveCfg = RelWithDebInfo|Win32
		{E9C91CA1-16CE-3E67-B833-0D04F076EBF0}.RelWithDebInfo|Win32.Build.0 = RelWithDebInfo|Win32
	EndGlobalSection
	GlobalSection(ExtensibilityGlobals) = postSolution
		SolutionGuid = {B0E5A7AD-DEFE-3018-863B-85ABAA7005B7}
	EndGlobalSection
	GlobalSection(ExtensibilityAddIns) = postSolution
	EndGlobalSection
EndGlobal
