<?xml version="1.0" encoding="UTF-8"?>
<Project ToolsVersion="15.0" xmlns="http://schemas.microsoft.com/developer/msbuild/2003">
  <ItemGroup>
    <CustomBuild Include="D:\Users\Brice\Source\Repos\ska\ska_particle\CMakeFiles\3d4de0e49f3022d731b71a040e539d53\generate.stamp.rule">
      <Filter>CMake Rules</Filter>
    </CustomBuild>
  </ItemGroup>
  <ItemGroup>
    <Filter Include="CMake Rules">
      <UniqueIdentifier>{7D1EFD1D-D8CB-3745-AE24-22ED136B039B}</UniqueIdentifier>
    </Filter>
  </ItemGroup>
</Project>
