<?xml version="1.0" encoding="UTF-8"?>
<Project ToolsVersion="15.0" xmlns="http://schemas.microsoft.com/developer/msbuild/2003">
  <ItemGroup>
    <ClCompile Include="D:\Users\Brice\Source\Repos\ska\ska_physic_chipmunk\Physic\Body.cpp">
      <Filter>Source Files</Filter>
    </ClCompile>
    <ClCompile Include="D:\Users\Brice\Source\Repos\ska\ska_physic_chipmunk\Physic\BuildHitbox.cpp">
      <Filter>Source Files</Filter>
    </ClCompile>
    <ClCompile Include="D:\Users\Brice\Source\Repos\ska\ska_physic_chipmunk\Physic\Constraint.cpp">
      <Filter>Source Files</Filter>
    </ClCompile>
    <ClCompile Include="D:\Users\Brice\Source\Repos\ska\ska_physic_chipmunk\Physic\MovementSystem.cpp">
      <Filter>Source Files</Filter>
    </ClCompile>
    <ClCompile Include="D:\Users\Brice\Source\Repos\ska\ska_physic_chipmunk\Physic\Shape.cpp">
      <Filter>Source Files</Filter>
    </ClCompile>
    <ClCompile Include="D:\Users\Brice\Source\Repos\ska\ska_physic_chipmunk\Physic\Space.cpp">
      <Filter>Source Files</Filter>
    </ClCompile>
  </ItemGroup>
  <ItemGroup>
    <ClInclude Include="D:\Users\Brice\Source\Repos\ska\ska_physic_chipmunk\Physic\Body.h">
      <Filter>Header Files</Filter>
    </ClInclude>
    <ClInclude Include="D:\Users\Brice\Source\Repos\ska\ska_physic_chipmunk\Physic\BuildHitbox.h">
      <Filter>Header Files</Filter>
    </ClInclude>
    <ClInclude Include="D:\Users\Brice\Source\Repos\ska\ska_physic_chipmunk\Physic\Constraint.h">
      <Filter>Header Files</Filter>
    </ClInclude>
    <ClInclude Include="D:\Users\Brice\Source\Repos\ska\ska_physic_chipmunk\Physic\HitboxComponent.h">
      <Filter>Header Files</Filter>
    </ClInclude>
    <ClInclude Include="D:\Users\Brice\Source\Repos\ska\ska_physic_chipmunk\Physic\MovementSystem.h">
      <Filter>Header Files</Filter>
    </ClInclude>
    <ClInclude Include="D:\Users\Brice\Source\Repos\ska\ska_physic_chipmunk\Physic\Shape.h">
      <Filter>Header Files</Filter>
    </ClInclude>
    <ClInclude Include="D:\Users\Brice\Source\Repos\ska\ska_physic_chipmunk\Physic\Space.h">
      <Filter>Header Files</Filter>
    </ClInclude>
    <ClInclude Include="D:\Users\Brice\Source\Repos\ska\ska_physic_chipmunk\Physic\Vect.h">
      <Filter>Header Files</Filter>
    </ClInclude>
  </ItemGroup>
  <ItemGroup>
    <CustomBuild Include="D:\Users\Brice\Source\Repos\ska\ska_physic_chipmunk\CMakeLists.txt" />
  </ItemGroup>
  <ItemGroup>
    <Filter Include="Source Files">
      <UniqueIdentifier>{6CA0F1A2-1CAF-3347-9B28-85D7A9E7E83B}</UniqueIdentifier>
    </Filter>
    <Filter Include="Header Files">
      <UniqueIdentifier>{A56300AD-991B-3D42-9F18-2423ACDBE087}</UniqueIdentifier>
    </Filter>
  </ItemGroup>
</Project>
