<?xml version="1.0" encoding="UTF-8"?>
<CodeBlocks_project_file>
	<FileVersion major="1" minor="6"/>
	<Project>
		<Option title="ska_physic_chipmunk"/>
		<Option makefile_is_custom="1"/>
		<Option compiler="gcc"/>
		<Option virtualFolders="CMake Files\;"/>
		<Build>
			<Target title="all">
				<Option working_dir="C:/Documents/Perso/ska/ska_physic_chipmunk"/>
				<Option type="4"/>
				<MakeCommands>
					<Build command="C:/mingw/bin/mingw32-make.exe -f &quot;C:/Documents/Perso/ska/ska_physic_chipmunk/Makefile&quot;  VERBOSE=1 all"/>
					<CompileFile command="C:/mingw/bin/mingw32-make.exe -f &quot;C:/Documents/Perso/ska/ska_physic_chipmunk/Makefile&quot;  VERBOSE=1 &quot;$file&quot;"/>
					<Clean command="C:/mingw/bin/mingw32-make.exe -f &quot;C:/Documents/Perso/ska/ska_physic_chipmunk/Makefile&quot;  VERBOSE=1 clean"/>
					<DistClean command="C:/mingw/bin/mingw32-make.exe -f &quot;C:/Documents/Perso/ska/ska_physic_chipmunk/Makefile&quot;  VERBOSE=1 clean"/>
				</MakeCommands>
			</Target>
			<Target title="ska_physic_chipmunk">
				<Option output="C:/Documents/Perso/ska/Debug/libska_physic_chipmunk.a" prefix_auto="0" extension_auto="0"/>
				<Option working_dir="C:/Documents/Perso/ska/ska_physic_chipmunk"/>
				<Option object_output="./"/>
				<Option type="2"/>
				<Option compiler="gcc"/>
				<Compiler>
					<Add directory="/include"/>
					<Add directory="C:/Documents/Perso/ska/ska_physic_chipmunk/../external/SDL2_gif/src"/>
					<Add directory="C:/Documents/Perso/ska/ska_physic_chipmunk/../ska_core"/>
					<Add directory="C:/Documents/Perso/ska/ska_physic_chipmunk/../ska_physic"/>
					<Add directory="C:/mingw/bin/../lib/gcc/i686-w64-mingw32/7.2.0/include/c++"/>
					<Add directory="C:/mingw/bin/../lib/gcc/i686-w64-mingw32/7.2.0/include/c++/i686-w64-mingw32"/>
					<Add directory="C:/mingw/bin/../lib/gcc/i686-w64-mingw32/7.2.0/include/c++/backward"/>
					<Add directory="C:/mingw/bin/../lib/gcc/i686-w64-mingw32/7.2.0/include"/>
					<Add directory="C:/mingw/bin/../lib/gcc/i686-w64-mingw32/7.2.0/include-fixed"/>
					<Add directory="C:/mingw/bin/../lib/gcc/i686-w64-mingw32/7.2.0/../../../../i686-w64-mingw32/include"/>
				</Compiler>
				<MakeCommands>
					<Build command="C:/mingw/bin/mingw32-make.exe -f &quot;C:/Documents/Perso/ska/ska_physic_chipmunk/Makefile&quot;  VERBOSE=1 ska_physic_chipmunk"/>
					<CompileFile command="C:/mingw/bin/mingw32-make.exe -f &quot;C:/Documents/Perso/ska/ska_physic_chipmunk/Makefile&quot;  VERBOSE=1 &quot;$file&quot;"/>
					<Clean command="C:/mingw/bin/mingw32-make.exe -f &quot;C:/Documents/Perso/ska/ska_physic_chipmunk/Makefile&quot;  VERBOSE=1 clean"/>
					<DistClean command="C:/mingw/bin/mingw32-make.exe -f &quot;C:/Documents/Perso/ska/ska_physic_chipmunk/Makefile&quot;  VERBOSE=1 clean"/>
				</MakeCommands>
			</Target>
			<Target title="ska_physic_chipmunk/fast">
				<Option output="C:/Documents/Perso/ska/Debug/libska_physic_chipmunk.a" prefix_auto="0" extension_auto="0"/>
				<Option working_dir="C:/Documents/Perso/ska/ska_physic_chipmunk"/>
				<Option object_output="./"/>
				<Option type="2"/>
				<Option compiler="gcc"/>
				<Compiler>
					<Add directory="/include"/>
					<Add directory="C:/Documents/Perso/ska/ska_physic_chipmunk/../external/SDL2_gif/src"/>
					<Add directory="C:/Documents/Perso/ska/ska_physic_chipmunk/../ska_core"/>
					<Add directory="C:/Documents/Perso/ska/ska_physic_chipmunk/../ska_physic"/>
					<Add directory="C:/mingw/bin/../lib/gcc/i686-w64-mingw32/7.2.0/include/c++"/>
					<Add directory="C:/mingw/bin/../lib/gcc/i686-w64-mingw32/7.2.0/include/c++/i686-w64-mingw32"/>
					<Add directory="C:/mingw/bin/../lib/gcc/i686-w64-mingw32/7.2.0/include/c++/backward"/>
					<Add directory="C:/mingw/bin/../lib/gcc/i686-w64-mingw32/7.2.0/include"/>
					<Add directory="C:/mingw/bin/../lib/gcc/i686-w64-mingw32/7.2.0/include-fixed"/>
					<Add directory="C:/mingw/bin/../lib/gcc/i686-w64-mingw32/7.2.0/../../../../i686-w64-mingw32/include"/>
				</Compiler>
				<MakeCommands>
					<Build command="C:/mingw/bin/mingw32-make.exe -f &quot;C:/Documents/Perso/ska/ska_physic_chipmunk/Makefile&quot;  VERBOSE=1 ska_physic_chipmunk/fast"/>
					<CompileFile command="C:/mingw/bin/mingw32-make.exe -f &quot;C:/Documents/Perso/ska/ska_physic_chipmunk/Makefile&quot;  VERBOSE=1 &quot;$file&quot;"/>
					<Clean command="C:/mingw/bin/mingw32-make.exe -f &quot;C:/Documents/Perso/ska/ska_physic_chipmunk/Makefile&quot;  VERBOSE=1 clean"/>
					<DistClean command="C:/mingw/bin/mingw32-make.exe -f &quot;C:/Documents/Perso/ska/ska_physic_chipmunk/Makefile&quot;  VERBOSE=1 clean"/>
				</MakeCommands>
			</Target>
			<Target title="edit_cache">
				<Option working_dir="C:/Documents/Perso/ska/ska_physic_chipmunk"/>
				<Option type="4"/>
				<MakeCommands>
					<Build command="C:/mingw/bin/mingw32-make.exe -f &quot;C:/Documents/Perso/ska/ska_physic_chipmunk/Makefile&quot;  VERBOSE=1 edit_cache"/>
					<CompileFile command="C:/mingw/bin/mingw32-make.exe -f &quot;C:/Documents/Perso/ska/ska_physic_chipmunk/Makefile&quot;  VERBOSE=1 &quot;$file&quot;"/>
					<Clean command="C:/mingw/bin/mingw32-make.exe -f &quot;C:/Documents/Perso/ska/ska_physic_chipmunk/Makefile&quot;  VERBOSE=1 clean"/>
					<DistClean command="C:/mingw/bin/mingw32-make.exe -f &quot;C:/Documents/Perso/ska/ska_physic_chipmunk/Makefile&quot;  VERBOSE=1 clean"/>
				</MakeCommands>
			</Target>
			<Target title="rebuild_cache">
				<Option working_dir="C:/Documents/Perso/ska/ska_physic_chipmunk"/>
				<Option type="4"/>
				<MakeCommands>
					<Build command="C:/mingw/bin/mingw32-make.exe -f &quot;C:/Documents/Perso/ska/ska_physic_chipmunk/Makefile&quot;  VERBOSE=1 rebuild_cache"/>
					<CompileFile command="C:/mingw/bin/mingw32-make.exe -f &quot;C:/Documents/Perso/ska/ska_physic_chipmunk/Makefile&quot;  VERBOSE=1 &quot;$file&quot;"/>
					<Clean command="C:/mingw/bin/mingw32-make.exe -f &quot;C:/Documents/Perso/ska/ska_physic_chipmunk/Makefile&quot;  VERBOSE=1 clean"/>
					<DistClean command="C:/mingw/bin/mingw32-make.exe -f &quot;C:/Documents/Perso/ska/ska_physic_chipmunk/Makefile&quot;  VERBOSE=1 clean"/>
				</MakeCommands>
			</Target>
		</Build>
		<Unit filename="C:/Documents/Perso/ska/ska_physic_chipmunk/Physic/Body.cpp">
			<Option target="ska_physic_chipmunk"/>
		</Unit>
		<Unit filename="C:/Documents/Perso/ska/ska_physic_chipmunk/Physic/Body.h">
			<Option target="ska_physic_chipmunk"/>
		</Unit>
		<Unit filename="C:/Documents/Perso/ska/ska_physic_chipmunk/Physic/BuildHitbox.cpp">
			<Option target="ska_physic_chipmunk"/>
		</Unit>
		<Unit filename="C:/Documents/Perso/ska/ska_physic_chipmunk/Physic/BuildHitbox.h">
			<Option target="ska_physic_chipmunk"/>
		</Unit>
		<Unit filename="C:/Documents/Perso/ska/ska_physic_chipmunk/Physic/Constraint.cpp">
			<Option target="ska_physic_chipmunk"/>
		</Unit>
		<Unit filename="C:/Documents/Perso/ska/ska_physic_chipmunk/Physic/Constraint.h">
			<Option target="ska_physic_chipmunk"/>
		</Unit>
		<Unit filename="C:/Documents/Perso/ska/ska_physic_chipmunk/Physic/HitboxComponent.h">
			<Option target="ska_physic_chipmunk"/>
		</Unit>
		<Unit filename="C:/Documents/Perso/ska/ska_physic_chipmunk/Physic/MovementSystem.cpp">
			<Option target="ska_physic_chipmunk"/>
		</Unit>
		<Unit filename="C:/Documents/Perso/ska/ska_physic_chipmunk/Physic/MovementSystem.h">
			<Option target="ska_physic_chipmunk"/>
		</Unit>
		<Unit filename="C:/Documents/Perso/ska/ska_physic_chipmunk/Physic/Shape.cpp">
			<Option target="ska_physic_chipmunk"/>
		</Unit>
		<Unit filename="C:/Documents/Perso/ska/ska_physic_chipmunk/Physic/Shape.h">
			<Option target="ska_physic_chipmunk"/>
		</Unit>
		<Unit filename="C:/Documents/Perso/ska/ska_physic_chipmunk/Physic/Space.cpp">
			<Option target="ska_physic_chipmunk"/>
		</Unit>
		<Unit filename="C:/Documents/Perso/ska/ska_physic_chipmunk/Physic/Space.h">
			<Option target="ska_physic_chipmunk"/>
		</Unit>
		<Unit filename="C:/Documents/Perso/ska/ska_physic_chipmunk/Physic/Vect.h">
			<Option target="ska_physic_chipmunk"/>
		</Unit>
		<Unit filename="C:/Documents/Perso/ska/ska_physic_chipmunk/CMakeLists.txt">
			<Option virtualFolder="CMake Files\"/>
		</Unit>
	</Project>
</CodeBlocks_project_file>
