Microsoft Visual Studio Solution File, Format Version 12.00
# Visual Studio 15
Project("{8BC9CEB8-8B4A-11D0-8D11-00A0C91BC942}") = "ALL_BUILD", "ALL_BUILD.vcxproj", "{B2E6C994-14EB-3F17-9607-5538A3262CF1}"
	ProjectSection(ProjectDependencies) = postProject
		{E2BF6A7D-6DA6-3036-89A4-359FB14DAA77} = {E2BF6A7D-6DA6-3036-89A4-359FB14DAA77}
		{03BDB127-20D8-3905-ACCB-038991D226EE} = {03BDB127-20D8-3905-ACCB-038991D226EE}
	EndProjectSection
EndProject
Project("{8BC9CEB8-8B4A-11D0-8D11-00A0C91BC942}") = "ZERO_CHECK", "ZERO_CHECK.vcxproj", "{E2BF6A7D-6DA6-3036-89A4-359FB14DAA77}"
	ProjectSection(ProjectDependencies) = postProject
	EndProjectSection
EndProject
Project("{8BC9CEB8-8B4A-11D0-8D11-00A0C91BC942}") = "ska_audio", "ska_audio.vcxproj", "{03BDB127-20D8-3905-ACCB-038991D226EE}"
	ProjectSection(ProjectDependencies) = postProject
		{E2BF6A7D-6DA6-3036-89A4-359FB14DAA77} = {E2BF6A7D-6DA6-3036-89A4-359FB14DAA77}
	EndProjectSection
EndProject
Global
	GlobalSection(SolutionConfigurationPlatforms) = preSolution
		Debug|Win32 = Debug|Win32
		Release|Win32 = Release|Win32
		MinSizeRel|Win32 = MinSizeRel|Win32
		RelWithDebInfo|Win32 = RelWithDebInfo|Win32
	EndGlobalSection
	GlobalSection(ProjectConfigurationPlatforms) = postSolution
		{B2E6C994-14EB-3F17-9607-5538A3262CF1}.Debug|Win32.ActiveCfg = Debug|Win32
		{B2E6C994-14EB-3F17-9607-5538A3262CF1}.Release|Win32.ActiveCfg = Release|Win32
		{B2E6C994-14EB-3F17-9607-5538A3262CF1}.MinSizeRel|Win32.ActiveCfg = MinSizeRel|Win32
		{B2E6C994-14EB-3F17-9607-5538A3262CF1}.RelWithDebInfo|Win32.ActiveCfg = RelWithDebInfo|Win32
		{E2BF6A7D-6DA6-3036-89A4-359FB14DAA77}.Debug|Win32.ActiveCfg = Debug|Win32
		{E2BF6A7D-6DA6-3036-89A4-359FB14DAA77}.Debug|Win32.Build.0 = Debug|Win32
		{E2BF6A7D-6DA6-3036-89A4-359FB14DAA77}.Release|Win32.ActiveCfg = Release|Win32
		{E2BF6A7D-6DA6-3036-89A4-359FB14DAA77}.Release|Win32.Build.0 = Release|Win32
		{E2BF6A7D-6DA6-3036-89A4-359FB14DAA77}.MinSizeRel|Win32.ActiveCfg = MinSizeRel|Win32
		{E2BF6A7D-6DA6-3036-89A4-359FB14DAA77}.MinSizeRel|Win32.Build.0 = MinSizeRel|Win32
		{E2BF6A7D-6DA6-3036-89A4-359FB14DAA77}.RelWithDebInfo|Win32.ActiveCfg = RelWithDebInfo|Win32
		{E2BF6A7D-6DA6-3036-89A4-359FB14DAA77}.RelWithDebInfo|Win32.Build.0 = RelWithDebInfo|Win32
		{03BDB127-20D8-3905-ACCB-038991D226EE}.Debug|Win32.ActiveCfg = Debug|Win32
		{03BDB127-20D8-3905-ACCB-038991D226EE}.Debug|Win32.Build.0 = Debug|Win32
		{03BDB127-20D8-3905-ACCB-038991D226EE}.Release|Win32.ActiveCfg = Release|Win32
		{03BDB127-20D8-3905-ACCB-038991D226EE}.Release|Win32.Build.0 = Release|Win32
		{03BDB127-20D8-3905-ACCB-038991D226EE}.MinSizeRel|Win32.ActiveCfg = MinSizeRel|Win32
		{03BDB127-20D8-3905-ACCB-038991D226EE}.MinSizeRel|Win32.Build.0 = MinSizeRel|Win32
		{03BDB127-20D8-3905-ACCB-038991D226EE}.RelWithDebInfo|Win32.ActiveCfg = RelWithDebInfo|Win32
		{03BDB127-20D8-3905-ACCB-038991D226EE}.RelWithDebInfo|Win32.Build.0 = RelWithDebInfo|Win32
	EndGlobalSection
	GlobalSection(ExtensibilityGlobals) = postSolution
		SolutionGuid = {F03052DE-478B-3BBF-A3B6-3FEC4E4A400C}
	EndGlobalSection
	GlobalSection(ExtensibilityAddIns) = postSolution
	EndGlobalSection
EndGlobal
