<?xml version="1.0" encoding="UTF-8"?>
<Project ToolsVersion="15.0" xmlns="http://schemas.microsoft.com/developer/msbuild/2003">
  <ItemGroup>
    <CustomBuild Include="D:\Users\Brice\Source\Repos\ska\ska_audio\CMakeFiles\60944f57d21a9e7b89e0ca855a1ac500\generate.stamp.rule">
      <Filter>CMake Rules</Filter>
    </CustomBuild>
  </ItemGroup>
  <ItemGroup>
    <Filter Include="CMake Rules">
      <UniqueIdentifier>{86F2092E-9242-30A0-ADE2-AA9FD76CB41B}</UniqueIdentifier>
    </Filter>
  </ItemGroup>
</Project>
