<?xml version="1.0" encoding="utf-8"?>
<Project ToolsVersion="15.0" xmlns="http://schemas.microsoft.com/developer/msbuild/2003">
  <ItemGroup>
    <ClCompile Include="D:\Users\Brice\Source\Repos\ska\ska_core\Core\State\StateBase.cpp">
      <Filter>Source Files</Filter>
    </ClCompile>
    <ClCompile Include="D:\Users\Brice\Source\Repos\ska\ska_core\Core\State\StateHolder.cpp">
      <Filter>Source Files</Filter>
    </ClCompile>
    <ClCompile Include="D:\Users\Brice\Source\Repos\ska\ska_core\CoreModule.cpp">
      <Filter>Source Files</Filter>
    </ClCompile>
    <ClCompile Include="D:\Users\Brice\Source\Repos\ska\ska_core\Data\Events\SoundEvent.cpp">
      <Filter>Source Files</Filter>
    </ClCompile>
    <ClCompile Include="D:\Users\Brice\Source\Repos\ska\ska_core\Draw\PriorityQueueDrawableContainer.cpp">
      <Filter>Source Files</Filter>
    </ClCompile>
    <ClCompile Include="D:\Users\Brice\Source\Repos\ska\ska_core\Draw\VectorDrawableContainer.cpp">
      <Filter>Source Files</Filter>
    </ClCompile>
    <ClCompile Include="D:\Users\Brice\Source\Repos\ska\ska_core\ECS\Basics\Graphic\AnimationComponent.cpp">
      <Filter>Source Files</Filter>
    </ClCompile>
    <ClCompile Include="D:\Users\Brice\Source\Repos\ska\ska_core\ECS\Basics\Graphic\CameraFocusedComponent.cpp">
      <Filter>Source Files</Filter>
    </ClCompile>
    <ClCompile Include="D:\Users\Brice\Source\Repos\ska\ska_core\ECS\Basics\Graphic\DebugGraphicComponent.cpp">
      <Filter>Source Files</Filter>
    </ClCompile>
    <ClCompile Include="D:\Users\Brice\Source\Repos\ska\ska_core\ECS\Basics\Graphic\DeleterComponent.cpp">
      <Filter>Source Files</Filter>
    </ClCompile>
    <ClCompile Include="D:\Users\Brice\Source\Repos\ska\ska_core\ECS\Basics\Graphic\DialogComponent.cpp">
      <Filter>Source Files</Filter>
    </ClCompile>
    <ClCompile Include="D:\Users\Brice\Source\Repos\ska\ska_core\ECS\Basics\Input\InputComponent.cpp">
      <Filter>Source Files</Filter>
    </ClCompile>
    <ClCompile Include="D:\Users\Brice\Source\Repos\ska\ska_core\ECS\Basics\Physic\CollidableComponent.cpp">
      <Filter>Source Files</Filter>
    </ClCompile>
    <ClCompile Include="D:\Users\Brice\Source\Repos\ska\ska_core\ECS\Basics\Physic\CollisionComponent.cpp">
      <Filter>Source Files</Filter>
    </ClCompile>
    <ClCompile Include="D:\Users\Brice\Source\Repos\ska\ska_core\ECS\Basics\Physic\ForceComponent.cpp">
      <Filter>Source Files</Filter>
    </ClCompile>
    <ClCompile Include="D:\Users\Brice\Source\Repos\ska\ska_core\ECS\Basics\Physic\GravityAffectedComponent.cpp">
      <Filter>Source Files</Filter>
    </ClCompile>
    <ClCompile Include="D:\Users\Brice\Source\Repos\ska\ska_core\ECS\Basics\Physic\HitboxComponent.cpp">
      <Filter>Source Files</Filter>
    </ClCompile>
    <ClCompile Include="D:\Users\Brice\Source\Repos\ska\ska_core\ECS\Basics\Physic\MovementComponent.cpp">
      <Filter>Source Files</Filter>
    </ClCompile>
    <ClCompile Include="D:\Users\Brice\Source\Repos\ska\ska_core\ECS\Basics\Physic\PositionComponent.cpp">
      <Filter>Source Files</Filter>
    </ClCompile>
    <ClCompile Include="D:\Users\Brice\Source\Repos\ska\ska_core\ECS\Basics\Physic\WorldCollisionComponent.cpp">
      <Filter>Source Files</Filter>
    </ClCompile>
    <ClCompile Include="D:\Users\Brice\Source\Repos\ska\ska_core\ECS\Basics\Script\ScriptAwareComponent.cpp">
      <Filter>Source Files</Filter>
    </ClCompile>
    <ClCompile Include="D:\Users\Brice\Source\Repos\ska\ska_core\ECS\Basics\Script\ScriptSleepComponent.cpp">
      <Filter>Source Files</Filter>
    </ClCompile>
    <ClCompile Include="D:\Users\Brice\Source\Repos\ska\ska_core\ECS\EntityManager.cpp">
      <Filter>Source Files</Filter>
    </ClCompile>
    <ClCompile Include="D:\Users\Brice\Source\Repos\ska\ska_core\ECS\SerializableComponent.cpp">
      <Filter>Source Files</Filter>
    </ClCompile>
    <ClCompile Include="D:\Users\Brice\Source\Repos\ska\ska_core\Exceptions\GenericException.cpp">
      <Filter>Source Files</Filter>
    </ClCompile>
    <ClCompile Include="D:\Users\Brice\Source\Repos\ska\ska_core\GameApp.cpp">
      <Filter>Source Files</Filter>
    </ClCompile>
    <ClCompile Include="D:\Users\Brice\Source\Repos\ska\ska_core\Inputs\InputContextManager.cpp">
      <Filter>Source Files</Filter>
    </ClCompile>
    <ClCompile Include="D:\Users\Brice\Source\Repos\ska\ska_core\Inputs\KeyInput.cpp">
      <Filter>Source Files</Filter>
    </ClCompile>
    <ClCompile Include="D:\Users\Brice\Source\Repos\ska\ska_core\Inputs\KeyboardInputContext.cpp">
      <Filter>Source Files</Filter>
    </ClCompile>
    <ClCompile Include="D:\Users\Brice\Source\Repos\ska\ska_core\Inputs\MouseInput.cpp">
      <Filter>Source Files</Filter>
    </ClCompile>
    <ClCompile Include="D:\Users\Brice\Source\Repos\ska\ska_core\Inputs\RawInputListener.cpp">
      <Filter>Source Files</Filter>
    </ClCompile>
    <ClCompile Include="D:\Users\Brice\Source\Repos\ska\ska_core\Inputs\Readers\IniReader.cpp">
      <Filter>Source Files</Filter>
    </ClCompile>
    <ClCompile Include="D:\Users\Brice\Source\Repos\ska\ska_core\Inputs\Readers\Readinifile.cpp">
      <Filter>Source Files</Filter>
    </ClCompile>
    <ClCompile Include="D:\Users\Brice\Source\Repos\ska\ska_core\Inputs\System\InputSystem.cpp">
      <Filter>Source Files</Filter>
    </ClCompile>
    <ClCompile Include="D:\Users\Brice\Source\Repos\ska\ska_core\Inputs\WindowInput.cpp">
      <Filter>Source Files</Filter>
    </ClCompile>
    <ClCompile Include="D:\Users\Brice\Source\Repos\ska\ska_core\Logging\ColorStream.cpp">
      <Filter>Source Files</Filter>
    </ClCompile>
    <ClCompile Include="D:\Users\Brice\Source\Repos\ska\ska_core\Logging\Logger.cpp">
      <Filter>Source Files</Filter>
    </ClCompile>
    <ClCompile Include="D:\Users\Brice\Source\Repos\ska\ska_core\Module.cpp">
      <Filter>Source Files</Filter>
    </ClCompile>
    <ClCompile Include="D:\Users\Brice\Source\Repos\ska\ska_core\Task\TaskQueue.cpp">
      <Filter>Source Files</Filter>
    </ClCompile>
    <ClCompile Include="D:\Users\Brice\Source\Repos\ska\ska_core\Utils\Demangle.cpp">
      <Filter>Source Files</Filter>
    </ClCompile>
    <ClCompile Include="D:\Users\Brice\Source\Repos\ska\ska_core\Utils\FormalCalculation\FormalCalculator.cpp">
      <Filter>Source Files</Filter>
    </ClCompile>
    <ClCompile Include="D:\Users\Brice\Source\Repos\ska\ska_core\Utils\NumberUtils.cpp">
      <Filter>Source Files</Filter>
    </ClCompile>
    <ClCompile Include="D:\Users\Brice\Source\Repos\ska\ska_core\Utils\OSSpecific\FileUtilsUnix.cpp">
      <Filter>Source Files</Filter>
    </ClCompile>
    <ClCompile Include="D:\Users\Brice\Source\Repos\ska\ska_core\Utils\OSSpecific\FileUtilsWin.cpp">
      <Filter>Source Files</Filter>
    </ClCompile>
    <ClCompile Include="D:\Users\Brice\Source\Repos\ska\ska_core\Utils\PhysicUtils.cpp">
      <Filter>Source Files</Filter>
    </ClCompile>
    <ClCompile Include="D:\Users\Brice\Source\Repos\ska\ska_core\Utils\RectangleUtils.cpp">
      <Filter>Source Files</Filter>
    </ClCompile>
    <ClCompile Include="D:\Users\Brice\Source\Repos\ska\ska_core\Utils\SpritePath.cpp">
      <Filter>Source Files</Filter>
    </ClCompile>
    <ClCompile Include="D:\Users\Brice\Source\Repos\ska\ska_core\Utils\StringUtils.cpp">
      <Filter>Source Files</Filter>
    </ClCompile>
    <ClCompile Include="D:\Users\Brice\Source\Repos\ska\ska_core\Utils\TimeUtils.cpp">
      <Filter>Source Files</Filter>
    </ClCompile>
    <ClCompile Include="D:\Users\Brice\Source\Repos\ska\ska_core\main.cpp">
      <Filter>Source Files</Filter>
    </ClCompile>
  </ItemGroup>
  <ItemGroup>
    <ClInclude Include="D:\Users\Brice\Source\Repos\ska\ska_core\Core\CodeDebug\CodeDebug.h">
      <Filter>Header Files</Filter>
    </ClInclude>
    <ClInclude Include="D:\Users\Brice\Source\Repos\ska\ska_core\Core\GameConfiguration.h">
      <Filter>Header Files</Filter>
    </ClInclude>
    <ClInclude Include="D:\Users\Brice\Source\Repos\ska\ska_core\Core\GameCore.h">
      <Filter>Header Files</Filter>
    </ClInclude>
    <ClInclude Include="D:\Users\Brice\Source\Repos\ska\ska_core\Core\Priorized.h">
      <Filter>Header Files</Filter>
    </ClInclude>
    <ClInclude Include="D:\Users\Brice\Source\Repos\ska\ska_core\Core\State\State.h">
      <Filter>Header Files</Filter>
    </ClInclude>
    <ClInclude Include="D:\Users\Brice\Source\Repos\ska\ska_core\Core\State\StateBase.h">
      <Filter>Header Files</Filter>
    </ClInclude>
    <ClInclude Include="D:\Users\Brice\Source\Repos\ska\ska_core\Core\State\StateData.h">
      <Filter>Header Files</Filter>
    </ClInclude>
    <ClInclude Include="D:\Users\Brice\Source\Repos\ska\ska_core\Core\State\StateHolder.h">
      <Filter>Header Files</Filter>
    </ClInclude>
    <ClInclude Include="D:\Users\Brice\Source\Repos\ska\ska_core\Core\State\SystemBuilder.h">
      <Filter>Header Files</Filter>
    </ClInclude>
    <ClInclude Include="D:\Users\Brice\Source\Repos\ska\ska_core\Core\Window.h">
      <Filter>Header Files</Filter>
    </ClInclude>
    <ClInclude Include="D:\Users\Brice\Source\Repos\ska\ska_core\CoreModule.h">
      <Filter>Header Files</Filter>
    </ClInclude>
    <ClInclude Include="D:\Users\Brice\Source\Repos\ska\ska_core\Data\BlockContainer.h">
      <Filter>Header Files</Filter>
    </ClInclude>
    <ClInclude Include="D:\Users\Brice\Source\Repos\ska\ska_core\Data\Events\CollisionEvent.h">
      <Filter>Header Files</Filter>
    </ClInclude>
    <ClInclude Include="D:\Users\Brice\Source\Repos\ska\ska_core\Data\Events\ECSEvent.h">
      <Filter>Header Files</Filter>
    </ClInclude>
    <ClInclude Include="D:\Users\Brice\Source\Repos\ska\ska_core\Data\Events\EventDispatcher.h">
      <Filter>Header Files</Filter>
    </ClInclude>
    <ClInclude Include="D:\Users\Brice\Source\Repos\ska\ska_core\Data\Events\ExtensibleGameEventDispatcher.h">
      <Filter>Header Files</Filter>
    </ClInclude>
    <ClInclude Include="D:\Users\Brice\Source\Repos\ska\ska_core\Data\Events\GUIEvent.h">
      <Filter>Header Files</Filter>
    </ClInclude>
    <ClInclude Include="D:\Users\Brice\Source\Repos\ska\ska_core\Data\Events\GameEvent.h">
      <Filter>Header Files</Filter>
    </ClInclude>
    <ClInclude Include="D:\Users\Brice\Source\Repos\ska\ska_core\Data\Events\GameEventDispatcher.h">
      <Filter>Header Files</Filter>
    </ClInclude>
    <ClInclude Include="D:\Users\Brice\Source\Repos\ska\ska_core\Data\Events\GameLibrariesInitializedEvent.h">
      <Filter>Header Files</Filter>
    </ClInclude>
    <ClInclude Include="D:\Users\Brice\Source\Repos\ska\ska_core\Data\Events\InputKeyEvent.h">
      <Filter>Header Files</Filter>
    </ClInclude>
    <ClInclude Include="D:\Users\Brice\Source\Repos\ska\ska_core\Data\Events\InputMouseEvent.h">
      <Filter>Header Files</Filter>
    </ClInclude>
    <ClInclude Include="D:\Users\Brice\Source\Repos\ska\ska_core\Data\Events\SoundEvent.h">
      <Filter>Header Files</Filter>
    </ClInclude>
    <ClInclude Include="D:\Users\Brice\Source\Repos\ska\ska_core\Data\Events\StateEvent.h">
      <Filter>Header Files</Filter>
    </ClInclude>
    <ClInclude Include="D:\Users\Brice\Source\Repos\ska\ska_core\Data\Events\WorldEvent.h">
      <Filter>Header Files</Filter>
    </ClInclude>
    <ClInclude Include="D:\Users\Brice\Source\Repos\ska\ska_core\Data\Savegame.h">
      <Filter>Header Files</Filter>
    </ClInclude>
    <ClInclude Include="D:\Users\Brice\Source\Repos\ska\ska_core\Draw\CameraAware.h">
      <Filter>Header Files</Filter>
    </ClInclude>
    <ClInclude Include="D:\Users\Brice\Source\Repos\ska\ska_core\Draw\Drawable.h">
      <Filter>Header Files</Filter>
    </ClInclude>
    <ClInclude Include="D:\Users\Brice\Source\Repos\ska\ska_core\Draw\DrawableContainer.h">
      <Filter>Header Files</Filter>
    </ClInclude>
    <ClInclude Include="D:\Users\Brice\Source\Repos\ska\ska_core\Draw\DrawableFixedPriority.h">
      <Filter>Header Files</Filter>
    </ClInclude>
    <ClInclude Include="D:\Users\Brice\Source\Repos\ska\ska_core\Draw\IGraphicSystem.h">
      <Filter>Header Files</Filter>
    </ClInclude>
    <ClInclude Include="D:\Users\Brice\Source\Repos\ska\ska_core\Draw\PriorityQueueDrawableContainer.h">
      <Filter>Header Files</Filter>
    </ClInclude>
    <ClInclude Include="D:\Users\Brice\Source\Repos\ska\ska_core\Draw\Renderable.h">
      <Filter>Header Files</Filter>
    </ClInclude>
    <ClInclude Include="D:\Users\Brice\Source\Repos\ska\ska_core\Draw\Renderer.h">
      <Filter>Header Files</Filter>
    </ClInclude>
    <ClInclude Include="D:\Users\Brice\Source\Repos\ska\ska_core\Draw\VectorDrawableContainer.h">
      <Filter>Header Files</Filter>
    </ClInclude>
    <ClInclude Include="D:\Users\Brice\Source\Repos\ska\ska_core\ECS\Basics\Graphic\AnimationComponent.h">
      <Filter>Header Files</Filter>
    </ClInclude>
    <ClInclude Include="D:\Users\Brice\Source\Repos\ska\ska_core\ECS\Basics\Graphic\CameraFocusedComponent.h">
      <Filter>Header Files</Filter>
    </ClInclude>
    <ClInclude Include="D:\Users\Brice\Source\Repos\ska\ska_core\ECS\Basics\Graphic\DebugGraphicComponent.h">
      <Filter>Header Files</Filter>
    </ClInclude>
    <ClInclude Include="D:\Users\Brice\Source\Repos\ska\ska_core\ECS\Basics\Graphic\DeleterComponent.h">
      <Filter>Header Files</Filter>
    </ClInclude>
    <ClInclude Include="D:\Users\Brice\Source\Repos\ska\ska_core\ECS\Basics\Graphic\DialogComponent.h">
      <Filter>Header Files</Filter>
    </ClInclude>
    <ClInclude Include="D:\Users\Brice\Source\Repos\ska\ska_core\ECS\Basics\Graphic\IAnimationStateMachine.h">
      <Filter>Header Files</Filter>
    </ClInclude>
    <ClInclude Include="D:\Users\Brice\Source\Repos\ska\ska_core\ECS\Basics\Input\InputComponent.h">
      <Filter>Header Files</Filter>
    </ClInclude>
    <ClInclude Include="D:\Users\Brice\Source\Repos\ska\ska_core\ECS\Basics\Physic\CollidableComponent.h">
      <Filter>Header Files</Filter>
    </ClInclude>
    <ClInclude Include="D:\Users\Brice\Source\Repos\ska\ska_core\ECS\Basics\Physic\CollisionComponent.h">
      <Filter>Header Files</Filter>
    </ClInclude>
    <ClInclude Include="D:\Users\Brice\Source\Repos\ska\ska_core\ECS\Basics\Physic\CollisionContact.h">
      <Filter>Header Files</Filter>
    </ClInclude>
    <ClInclude Include="D:\Users\Brice\Source\Repos\ska\ska_core\ECS\Basics\Physic\CollisionProfile.h">
      <Filter>Header Files</Filter>
    </ClInclude>
    <ClInclude Include="D:\Users\Brice\Source\Repos\ska\ska_core\ECS\Basics\Physic\ForceComponent.h">
      <Filter>Header Files</Filter>
    </ClInclude>
    <ClInclude Include="D:\Users\Brice\Source\Repos\ska\ska_core\ECS\Basics\Physic\GravityAffectedComponent.h">
      <Filter>Header Files</Filter>
    </ClInclude>
    <ClInclude Include="D:\Users\Brice\Source\Repos\ska\ska_core\ECS\Basics\Physic\HitboxComponent.h">
      <Filter>Header Files</Filter>
    </ClInclude>
    <ClInclude Include="D:\Users\Brice\Source\Repos\ska\ska_core\ECS\Basics\Physic\MovementComponent.h">
      <Filter>Header Files</Filter>
    </ClInclude>
    <ClInclude Include="D:\Users\Brice\Source\Repos\ska\ska_core\ECS\Basics\Physic\PositionComponent.h">
      <Filter>Header Files</Filter>
    </ClInclude>
    <ClInclude Include="D:\Users\Brice\Source\Repos\ska\ska_core\ECS\Basics\Physic\WorldCollisionComponent.h">
      <Filter>Header Files</Filter>
    </ClInclude>
    <ClInclude Include="D:\Users\Brice\Source\Repos\ska\ska_core\ECS\Basics\Script\ScriptAwareComponent.h">
      <Filter>Header Files</Filter>
    </ClInclude>
    <ClInclude Include="D:\Users\Brice\Source\Repos\ska\ska_core\ECS\Basics\Script\ScriptPositionedGetter.h">
      <Filter>Header Files</Filter>
    </ClInclude>
    <ClInclude Include="D:\Users\Brice\Source\Repos\ska\ska_core\ECS\Basics\Script\ScriptRegisterer.h">
      <Filter>Header Files</Filter>
    </ClInclude>
    <ClInclude Include="D:\Users\Brice\Source\Repos\ska\ska_core\ECS\Basics\Script\ScriptSleepComponent.h">
      <Filter>Header Files</Filter>
    </ClInclude>
    <ClInclude Include="D:\Users\Brice\Source\Repos\ska\ska_core\ECS\Basics\Script\ScriptTriggerType.h">
      <Filter>Header Files</Filter>
    </ClInclude>
    <ClInclude Include="D:\Users\Brice\Source\Repos\ska\ska_core\ECS\ComponentHandler.h">
      <Filter>Header Files</Filter>
    </ClInclude>
    <ClInclude Include="D:\Users\Brice\Source\Repos\ska\ska_core\ECS\ComponentSafeAccessor.h">
      <Filter>Header Files</Filter>
    </ClInclude>
    <ClInclude Include="D:\Users\Brice\Source\Repos\ska\ska_core\ECS\ComponentSerializer.h">
      <Filter>Header Files</Filter>
    </ClInclude>
    <ClInclude Include="D:\Users\Brice\Source\Repos\ska\ska_core\ECS\ComponentUnsafeAccessor.h">
      <Filter>Header Files</Filter>
    </ClInclude>
    <ClInclude Include="D:\Users\Brice\Source\Repos\ska\ska_core\ECS\ECSDefines.h">
      <Filter>Header Files</Filter>
    </ClInclude>
    <ClInclude Include="D:\Users\Brice\Source\Repos\ska\ska_core\ECS\EntityManager.h">
      <Filter>Header Files</Filter>
    </ClInclude>
    <ClInclude Include="D:\Users\Brice\Source\Repos\ska\ska_core\ECS\ISystem.h">
      <Filter>Header Files</Filter>
    </ClInclude>
    <ClInclude Include="D:\Users\Brice\Source\Repos\ska\ska_core\ECS\SerializableComponent.h">
      <Filter>Header Files</Filter>
    </ClInclude>
    <ClInclude Include="D:\Users\Brice\Source\Repos\ska\ska_core\ECS\System.h">
      <Filter>Header Files</Filter>
    </ClInclude>
    <ClInclude Include="D:\Users\Brice\Source\Repos\ska\ska_core\ECS\SystemMaskGenerator.h">
      <Filter>Header Files</Filter>
    </ClInclude>
    <ClInclude Include="D:\Users\Brice\Source\Repos\ska\ska_core\Exceptions\CorruptedFileException.h">
      <Filter>Header Files</Filter>
    </ClInclude>
    <ClInclude Include="D:\Users\Brice\Source\Repos\ska\ska_core\Exceptions\FileException.h">
      <Filter>Header Files</Filter>
    </ClInclude>
    <ClInclude Include="D:\Users\Brice\Source\Repos\ska\ska_core\Exceptions\GenericException.h">
      <Filter>Header Files</Filter>
    </ClInclude>
    <ClInclude Include="D:\Users\Brice\Source\Repos\ska\ska_core\Exceptions\IllegalArgumentException.h">
      <Filter>Header Files</Filter>
    </ClInclude>
    <ClInclude Include="D:\Users\Brice\Source\Repos\ska\ska_core\Exceptions\IllegalStateException.h">
      <Filter>Header Files</Filter>
    </ClInclude>
    <ClInclude Include="D:\Users\Brice\Source\Repos\ska\ska_core\Exceptions\IndexOutOfBoundsException.h">
      <Filter>Header Files</Filter>
    </ClInclude>
    <ClInclude Include="D:\Users\Brice\Source\Repos\ska\ska_core\Exceptions\InputException.h">
      <Filter>Header Files</Filter>
    </ClInclude>
    <ClInclude Include="D:\Users\Brice\Source\Repos\ska\ska_core\Exceptions\InvalidPathException.h">
      <Filter>Header Files</Filter>
    </ClInclude>
    <ClInclude Include="D:\Users\Brice\Source\Repos\ska\ska_core\Exceptions\NumberFormatException.h">
      <Filter>Header Files</Filter>
    </ClInclude>
    <ClInclude Include="D:\Users\Brice\Source\Repos\ska\ska_core\Exceptions\ScriptDiedException.h">
      <Filter>Header Files</Filter>
    </ClInclude>
    <ClInclude Include="D:\Users\Brice\Source\Repos\ska\ska_core\Exceptions\ScriptException.h">
      <Filter>Header Files</Filter>
    </ClInclude>
    <ClInclude Include="D:\Users\Brice\Source\Repos\ska\ska_core\Exceptions\ScriptNotActivatedException.h">
      <Filter>Header Files</Filter>
    </ClInclude>
    <ClInclude Include="D:\Users\Brice\Source\Repos\ska\ska_core\Exceptions\ScriptSyntaxError.h">
      <Filter>Header Files</Filter>
    </ClInclude>
    <ClInclude Include="D:\Users\Brice\Source\Repos\ska\ska_core\Exceptions\ScriptUnknownCommandException.h">
      <Filter>Header Files</Filter>
    </ClInclude>
    <ClInclude Include="D:\Users\Brice\Source\Repos\ska\ska_core\Exceptions\StateDiedException.h">
      <Filter>Header Files</Filter>
    </ClInclude>
    <ClInclude Include="D:\Users\Brice\Source\Repos\ska\ska_core\Exceptions\TerminateProcessException.h">
      <Filter>Header Files</Filter>
    </ClInclude>
    <ClInclude Include="D:\Users\Brice\Source\Repos\ska\ska_core\GameApp.h">
      <Filter>Header Files</Filter>
    </ClInclude>
    <ClInclude Include="D:\Users\Brice\Source\Repos\ska\ska_core\Inputs\EnumContextManager.h">
      <Filter>Header Files</Filter>
    </ClInclude>
    <ClInclude Include="D:\Users\Brice\Source\Repos\ska\ska_core\Inputs\InputAction.h">
      <Filter>Header Files</Filter>
    </ClInclude>
    <ClInclude Include="D:\Users\Brice\Source\Repos\ska\ska_core\Inputs\InputContext.h">
      <Filter>Header Files</Filter>
    </ClInclude>
    <ClInclude Include="D:\Users\Brice\Source\Repos\ska\ska_core\Inputs\InputContextManager.h">
      <Filter>Header Files</Filter>
    </ClInclude>
    <ClInclude Include="D:\Users\Brice\Source\Repos\ska\ska_core\Inputs\InputRange.h">
      <Filter>Header Files</Filter>
    </ClInclude>
    <ClInclude Include="D:\Users\Brice\Source\Repos\ska\ska_core\Inputs\InputToggle.h">
      <Filter>Header Files</Filter>
    </ClInclude>
    <ClInclude Include="D:\Users\Brice\Source\Repos\ska\ska_core\Inputs\KeyInput.h">
      <Filter>Header Files</Filter>
    </ClInclude>
    <ClInclude Include="D:\Users\Brice\Source\Repos\ska\ska_core\Inputs\KeyboardInputContext.h">
      <Filter>Header Files</Filter>
    </ClInclude>
    <ClInclude Include="D:\Users\Brice\Source\Repos\ska\ska_core\Inputs\MouseInput.h">
      <Filter>Header Files</Filter>
    </ClInclude>
    <ClInclude Include="D:\Users\Brice\Source\Repos\ska\ska_core\Inputs\RawInputListener.h">
      <Filter>Header Files</Filter>
    </ClInclude>
    <ClInclude Include="D:\Users\Brice\Source\Repos\ska\ska_core\Inputs\Readers\IniReader.h">
      <Filter>Header Files</Filter>
    </ClInclude>
    <ClInclude Include="D:\Users\Brice\Source\Repos\ska\ska_core\Inputs\Readers\Readinifile.h">
      <Filter>Header Files</Filter>
    </ClInclude>
    <ClInclude Include="D:\Users\Brice\Source\Repos\ska\ska_core\Inputs\System\InputSystem.h">
      <Filter>Header Files</Filter>
    </ClInclude>
    <ClInclude Include="D:\Users\Brice\Source\Repos\ska\ska_core\Inputs\WindowInput.h">
      <Filter>Header Files</Filter>
    </ClInclude>
    <ClInclude Include="D:\Users\Brice\Source\Repos\ska\ska_core\Logging\ColorStream.h">
      <Filter>Header Files</Filter>
    </ClInclude>
    <ClInclude Include="D:\Users\Brice\Source\Repos\ska\ska_core\Logging\Logger.h">
      <Filter>Header Files</Filter>
    </ClInclude>
    <ClInclude Include="D:\Users\Brice\Source\Repos\ska\ska_core\Module.h">
      <Filter>Header Files</Filter>
    </ClInclude>
    <ClInclude Include="D:\Users\Brice\Source\Repos\ska\ska_core\Point.h">
      <Filter>Header Files</Filter>
    </ClInclude>
    <ClInclude Include="D:\Users\Brice\Source\Repos\ska\ska_core\Rectangle.h">
      <Filter>Header Files</Filter>
    </ClInclude>
    <ClInclude Include="D:\Users\Brice\Source\Repos\ska\ska_core\Task\CompoundTask.h">
      <Filter>Header Files</Filter>
    </ClInclude>
    <ClInclude Include="D:\Users\Brice\Source\Repos\ska\ska_core\Task\Runnable.h">
      <Filter>Header Files</Filter>
    </ClInclude>
    <ClInclude Include="D:\Users\Brice\Source\Repos\ska\ska_core\Task\Task.h">
      <Filter>Header Files</Filter>
    </ClInclude>
    <ClInclude Include="D:\Users\Brice\Source\Repos\ska\ska_core\Task\TaskQueue.h">
      <Filter>Header Files</Filter>
    </ClInclude>
    <ClInclude Include="D:\Users\Brice\Source\Repos\ska\ska_core\Task\WorkNode.h">
      <Filter>Header Files</Filter>
    </ClInclude>
    <ClInclude Include="D:\Users\Brice\Source\Repos\ska\ska_core\Ticked.h">
      <Filter>Header Files</Filter>
    </ClInclude>
    <ClInclude Include="D:\Users\Brice\Source\Repos\ska\ska_core\Utils\ContainsTypeTuple.h">
      <Filter>Header Files</Filter>
    </ClInclude>
    <ClInclude Include="D:\Users\Brice\Source\Repos\ska\ska_core\Utils\Demangle.h">
      <Filter>Header Files</Filter>
    </ClInclude>
    <ClInclude Include="D:\Users\Brice\Source\Repos\ska\ska_core\Utils\FileUtils.h">
      <Filter>Header Files</Filter>
    </ClInclude>
    <ClInclude Include="D:\Users\Brice\Source\Repos\ska\ska_core\Utils\Force.h">
      <Filter>Header Files</Filter>
    </ClInclude>
    <ClInclude Include="D:\Users\Brice\Source\Repos\ska\ska_core\Utils\FormalCalculation\CalculOperators.h">
      <Filter>Header Files</Filter>
    </ClInclude>
    <ClInclude Include="D:\Users\Brice\Source\Repos\ska\ska_core\Utils\FormalCalculation\FormalCalculator.h">
      <Filter>Header Files</Filter>
    </ClInclude>
    <ClInclude Include="D:\Users\Brice\Source\Repos\ska\ska_core\Utils\Identity.h">
      <Filter>Header Files</Filter>
    </ClInclude>
    <ClInclude Include="D:\Users\Brice\Source\Repos\ska\ska_core\Utils\ManagedResource.h">
      <Filter>Header Files</Filter>
    </ClInclude>
    <ClInclude Include="D:\Users\Brice\Source\Repos\ska\ska_core\Utils\NonCopyable.h">
      <Filter>Header Files</Filter>
    </ClInclude>
    <ClInclude Include="D:\Users\Brice\Source\Repos\ska\ska_core\Utils\NumberUtils.h">
      <Filter>Header Files</Filter>
    </ClInclude>
    <ClInclude Include="D:\Users\Brice\Source\Repos\ska\ska_core\Utils\OSSpecific\FileUtilsUnix.h">
      <Filter>Header Files</Filter>
    </ClInclude>
    <ClInclude Include="D:\Users\Brice\Source\Repos\ska\ska_core\Utils\OSSpecific\FileUtilsWin.h">
      <Filter>Header Files</Filter>
    </ClInclude>
    <ClInclude Include="D:\Users\Brice\Source\Repos\ska\ska_core\Utils\Observable.h">
      <Filter>Header Files</Filter>
    </ClInclude>
    <ClInclude Include="D:\Users\Brice\Source\Repos\ska\ska_core\Utils\Observer.h">
      <Filter>Header Files</Filter>
    </ClInclude>
    <ClInclude Include="D:\Users\Brice\Source\Repos\ska\ska_core\Utils\OutputUtils.h">
      <Filter>Header Files</Filter>
    </ClInclude>
    <ClInclude Include="D:\Users\Brice\Source\Repos\ska\ska_core\Utils\PhysicUtils.h">
      <Filter>Header Files</Filter>
    </ClInclude>
    <ClInclude Include="D:\Users\Brice\Source\Repos\ska\ska_core\Utils\RectangleUtils.h">
      <Filter>Header Files</Filter>
    </ClInclude>
    <ClInclude Include="D:\Users\Brice\Source\Repos\ska\ska_core\Utils\Refreshable.h">
      <Filter>Header Files</Filter>
    </ClInclude>
    <ClInclude Include="D:\Users\Brice\Source\Repos\ska\ska_core\Utils\Singleton_template.h">
      <Filter>Header Files</Filter>
    </ClInclude>
    <ClInclude Include="D:\Users\Brice\Source\Repos\ska\ska_core\Utils\SkaConstants.h">
      <Filter>Header Files</Filter>
    </ClInclude>
    <ClInclude Include="D:\Users\Brice\Source\Repos\ska\ska_core\Utils\SpritePath.h">
      <Filter>Header Files</Filter>
    </ClInclude>
    <ClInclude Include="D:\Users\Brice\Source\Repos\ska\ska_core\Utils\StringUtils.h">
      <Filter>Header Files</Filter>
    </ClInclude>
    <ClInclude Include="D:\Users\Brice\Source\Repos\ska\ska_core\Utils\SubObserver.h">
      <Filter>Header Files</Filter>
    </ClInclude>
    <ClInclude Include="D:\Users\Brice\Source\Repos\ska\ska_core\Utils\TimeUtils.h">
      <Filter>Header Files</Filter>
    </ClInclude>
    <ClInclude Include="D:\Users\Brice\Source\Repos\ska\ska_core\Utils\TupleUtils.h">
      <Filter>Header Files</Filter>
    </ClInclude>
    <ClInclude Include="D:\Users\Brice\Source\Repos\ska\ska_core\Utils\VectorUtils.h">
      <Filter>Header Files</Filter>
    </ClInclude>
    <ClInclude Include="D:\Users\Brice\Source\Repos\ska\ska_core\Utils\ununique.h">
      <Filter>Header Files</Filter>
    </ClInclude>
  </ItemGroup>
  <ItemGroup>
    <CustomBuild Include="D:\Users\Brice\Source\Repos\ska\ska_core\CMakeLists.txt" />
  </ItemGroup>
  <ItemGroup>
    <Filter Include="Source Files">
      <UniqueIdentifier>{1100977A-C7CC-3530-B6C3-EE2445F6BE95}</UniqueIdentifier>
    </Filter>
    <Filter Include="Header Files">
      <UniqueIdentifier>{6E2E67C7-0A68-3416-B441-A037F0E7FFB0}</UniqueIdentifier>
    </Filter>
  </ItemGroup>
</Project>