<?xml version="1.0" encoding="UTF-8"?>
<Project ToolsVersion="15.0" xmlns="http://schemas.microsoft.com/developer/msbuild/2003">
  <ItemGroup>
    <CustomBuild Include="D:\Users\Brice\Source\Repos\ska\ska_gui\CMakeFiles\1df2bc5b0e5c68c3f9b74d15e7999db8\generate.stamp.rule">
      <Filter>CMake Rules</Filter>
    </CustomBuild>
  </ItemGroup>
  <ItemGroup>
    <Filter Include="CMake Rules">
      <UniqueIdentifier>{8B7697FD-A587-3DEA-8DBA-52581BF2EB62}</UniqueIdentifier>
    </Filter>
  </ItemGroup>
</Project>
