<?xml version="1.0" encoding="UTF-8"?>
<Project ToolsVersion="15.0" xmlns="http://schemas.microsoft.com/developer/msbuild/2003">
  <ItemGroup>
    <ClCompile Include="D:\Users\Brice\Source\Repos\ska\ska_physic_simulation\Game.cpp">
      <Filter>Source Files</Filter>
    </ClCompile>
    <ClCompile Include="D:\Users\Brice\Source\Repos\ska\ska_physic_simulation\StateSandbox.cpp">
      <Filter>Source Files</Filter>
    </ClCompile>
    <ClCompile Include="D:\Users\Brice\Source\Repos\ska\ska_physic_simulation\World.cpp">
      <Filter>Source Files</Filter>
    </ClCompile>
  </ItemGroup>
  <ItemGroup>
    <ClInclude Include="D:\Users\Brice\Source\Repos\ska\ska_physic_simulation\Game.h">
      <Filter>Header Files</Filter>
    </ClInclude>
    <ClInclude Include="D:\Users\Brice\Source\Repos\ska\ska_physic_simulation\StateSandbox.h">
      <Filter>Header Files</Filter>
    </ClInclude>
    <ClInclude Include="D:\Users\Brice\Source\Repos\ska\ska_physic_simulation\TileWorld.h">
      <Filter>Header Files</Filter>
    </ClInclude>
  </ItemGroup>
  <ItemGroup>
    <CustomBuild Include="D:\Users\Brice\Source\Repos\ska\ska_physic_simulation\CMakeLists.txt" />
  </ItemGroup>
  <ItemGroup>
    <Filter Include="Source Files">
      <UniqueIdentifier>{50330D89-440C-39AE-8F7F-1B19D561618E}</UniqueIdentifier>
    </Filter>
    <Filter Include="Header Files">
      <UniqueIdentifier>{BB205E19-828E-362D-9C9A-7C82EADBEF38}</UniqueIdentifier>
    </Filter>
  </ItemGroup>
</Project>
