<?xml version="1.0" encoding="UTF-8"?>
<Project ToolsVersion="15.0" xmlns="http://schemas.microsoft.com/developer/msbuild/2003">
  <ItemGroup>
    <CustomBuild Include="D:\Users\Brice\Source\Repos\ska\ska_physic_simulation\CMakeFiles\c43870f2ba387267655fcd650ab806c9\generate.stamp.rule">
      <Filter>CMake Rules</Filter>
    </CustomBuild>
  </ItemGroup>
  <ItemGroup>
    <Filter Include="CMake Rules">
      <UniqueIdentifier>{756077FF-1091-34B5-8366-991DB92335D2}</UniqueIdentifier>
    </Filter>
  </ItemGroup>
</Project>
