<?xml version="1.0" encoding="UTF-8"?>
<Project ToolsVersion="15.0" xmlns="http://schemas.microsoft.com/developer/msbuild/2003">
  <ItemGroup>
    <ClCompile Include="D:\Users\Brice\Source\Repos\ska\ska_script\Script\Command\AbstractCommand.cpp">
      <Filter>Source Files</Filter>
    </ClCompile>
    <ClCompile Include="D:\Users\Brice\Source\Repos\ska\ska_script\Script\Command\AbstractFunctionCommand.cpp">
      <Filter>Source Files</Filter>
    </ClCompile>
    <ClCompile Include="D:\Users\Brice\Source\Repos\ska\ska_script\Script\Command\CommandAssign.cpp">
      <Filter>Source Files</Filter>
    </ClCompile>
    <ClCompile Include="D:\Users\Brice\Source\Repos\ska\ska_script\Script\Command\CommandAssignSwitch.cpp">
      <Filter>Source Files</Filter>
    </ClCompile>
    <ClCompile Include="D:\Users\Brice\Source\Repos\ska\ska_script\Script\Command\CommandBlockAuthorize.cpp">
      <Filter>Source Files</Filter>
    </ClCompile>
    <ClCompile Include="D:\Users\Brice\Source\Repos\ska\ska_script\Script\Command\CommandCalculate.cpp">
      <Filter>Source Files</Filter>
    </ClCompile>
    <ClCompile Include="D:\Users\Brice\Source\Repos\ska\ska_script\Script\Command\CommandElse.cpp">
      <Filter>Source Files</Filter>
    </ClCompile>
    <ClCompile Include="D:\Users\Brice\Source\Repos\ska\ska_script\Script\Command\CommandEnd.cpp">
      <Filter>Source Files</Filter>
    </ClCompile>
    <ClCompile Include="D:\Users\Brice\Source\Repos\ska\ska_script\Script\Command\CommandEndScript.cpp">
      <Filter>Source Files</Filter>
    </ClCompile>
    <ClCompile Include="D:\Users\Brice\Source\Repos\ska\ska_script\Script\Command\CommandIf.cpp">
      <Filter>Source Files</Filter>
    </ClCompile>
    <ClCompile Include="D:\Users\Brice\Source\Repos\ska\ska_script\Script\Command\CommandLog.cpp">
      <Filter>Source Files</Filter>
    </ClCompile>
    <ClCompile Include="D:\Users\Brice\Source\Repos\ska\ska_script\Script\Command\CommandRandom.cpp">
      <Filter>Source Files</Filter>
    </ClCompile>
    <ClCompile Include="D:\Users\Brice\Source\Repos\ska\ska_script\Script\Command\CommandRemoveComponent.cpp">
      <Filter>Source Files</Filter>
    </ClCompile>
    <ClCompile Include="D:\Users\Brice\Source\Repos\ska\ska_script\Script\Command\CommandRestoreComponent.cpp">
      <Filter>Source Files</Filter>
    </ClCompile>
    <ClCompile Include="D:\Users\Brice\Source\Repos\ska\ska_script\Script\Command\CommandScript.cpp">
      <Filter>Source Files</Filter>
    </ClCompile>
    <ClCompile Include="D:\Users\Brice\Source\Repos\ska\ska_script\Script\Command\CommandWait.cpp">
      <Filter>Source Files</Filter>
    </ClCompile>
    <ClCompile Include="D:\Users\Brice\Source\Repos\ska\ska_script\Script\Command\ControlStatement.cpp">
      <Filter>Source Files</Filter>
    </ClCompile>
    <ClCompile Include="D:\Users\Brice\Source\Repos\ska\ska_script\Script\ScriptController.cpp">
      <Filter>Source Files</Filter>
    </ClCompile>
    <ClCompile Include="D:\Users\Brice\Source\Repos\ska\ska_script\Script\ScriptUtils.cpp">
      <Filter>Source Files</Filter>
    </ClCompile>
    <ClCompile Include="D:\Users\Brice\Source\Repos\ska\ska_script\Script\System\ScriptAutoSystem.cpp">
      <Filter>Source Files</Filter>
    </ClCompile>
    <ClCompile Include="D:\Users\Brice\Source\Repos\ska\ska_script\Script\System\ScriptBasicCommandsSystem.cpp">
      <Filter>Source Files</Filter>
    </ClCompile>
    <ClCompile Include="D:\Users\Brice\Source\Repos\ska\ska_script\Script\System\ScriptRefreshSystem.cpp">
      <Filter>Source Files</Filter>
    </ClCompile>
  </ItemGroup>
  <ItemGroup>
    <ClInclude Include="D:\Users\Brice\Source\Repos\ska\ska_script\Script\Command\AbstractCommand.h">
      <Filter>Header Files</Filter>
    </ClInclude>
    <ClInclude Include="D:\Users\Brice\Source\Repos\ska\ska_script\Script\Command\AbstractFunctionCommand.h">
      <Filter>Header Files</Filter>
    </ClInclude>
    <ClInclude Include="D:\Users\Brice\Source\Repos\ska\ska_script\Script\Command\Command.h">
      <Filter>Header Files</Filter>
    </ClInclude>
    <ClInclude Include="D:\Users\Brice\Source\Repos\ska\ska_script\Script\Command\CommandAssign.h">
      <Filter>Header Files</Filter>
    </ClInclude>
    <ClInclude Include="D:\Users\Brice\Source\Repos\ska\ska_script\Script\Command\CommandAssignSwitch.h">
      <Filter>Header Files</Filter>
    </ClInclude>
    <ClInclude Include="D:\Users\Brice\Source\Repos\ska\ska_script\Script\Command\CommandBlockAuthorize.h">
      <Filter>Header Files</Filter>
    </ClInclude>
    <ClInclude Include="D:\Users\Brice\Source\Repos\ska\ska_script\Script\Command\CommandCalculate.h">
      <Filter>Header Files</Filter>
    </ClInclude>
    <ClInclude Include="D:\Users\Brice\Source\Repos\ska\ska_script\Script\Command\CommandElse.h">
      <Filter>Header Files</Filter>
    </ClInclude>
    <ClInclude Include="D:\Users\Brice\Source\Repos\ska\ska_script\Script\Command\CommandElseEnd.h">
      <Filter>Header Files</Filter>
    </ClInclude>
    <ClInclude Include="D:\Users\Brice\Source\Repos\ska\ska_script\Script\Command\CommandEnd.h">
      <Filter>Header Files</Filter>
    </ClInclude>
    <ClInclude Include="D:\Users\Brice\Source\Repos\ska\ska_script\Script\Command\CommandEndScript.h">
      <Filter>Header Files</Filter>
    </ClInclude>
    <ClInclude Include="D:\Users\Brice\Source\Repos\ska\ska_script\Script\Command\CommandIf.h">
      <Filter>Header Files</Filter>
    </ClInclude>
    <ClInclude Include="D:\Users\Brice\Source\Repos\ska\ska_script\Script\Command\CommandLog.h">
      <Filter>Header Files</Filter>
    </ClInclude>
    <ClInclude Include="D:\Users\Brice\Source\Repos\ska\ska_script\Script\Command\CommandRandom.h">
      <Filter>Header Files</Filter>
    </ClInclude>
    <ClInclude Include="D:\Users\Brice\Source\Repos\ska\ska_script\Script\Command\CommandRemoveComponent.h">
      <Filter>Header Files</Filter>
    </ClInclude>
    <ClInclude Include="D:\Users\Brice\Source\Repos\ska\ska_script\Script\Command\CommandRestoreComponent.h">
      <Filter>Header Files</Filter>
    </ClInclude>
    <ClInclude Include="D:\Users\Brice\Source\Repos\ska\ska_script\Script\Command\CommandScript.h">
      <Filter>Header Files</Filter>
    </ClInclude>
    <ClInclude Include="D:\Users\Brice\Source\Repos\ska\ska_script\Script\Command\CommandWait.h">
      <Filter>Header Files</Filter>
    </ClInclude>
    <ClInclude Include="D:\Users\Brice\Source\Repos\ska\ska_script\Script\Command\ControlStatement.h">
      <Filter>Header Files</Filter>
    </ClInclude>
    <ClInclude Include="D:\Users\Brice\Source\Repos\ska\ska_script\Script\ScriptComponent.h">
      <Filter>Header Files</Filter>
    </ClInclude>
    <ClInclude Include="D:\Users\Brice\Source\Repos\ska\ska_script\Script\ScriptController.h">
      <Filter>Header Files</Filter>
    </ClInclude>
    <ClInclude Include="D:\Users\Brice\Source\Repos\ska\ska_script\Script\ScriptState.h">
      <Filter>Header Files</Filter>
    </ClInclude>
    <ClInclude Include="D:\Users\Brice\Source\Repos\ska\ska_script\Script\ScriptSymbolsConstants.h">
      <Filter>Header Files</Filter>
    </ClInclude>
    <ClInclude Include="D:\Users\Brice\Source\Repos\ska\ska_script\Script\ScriptUtils.h">
      <Filter>Header Files</Filter>
    </ClInclude>
    <ClInclude Include="D:\Users\Brice\Source\Repos\ska\ska_script\Script\System\ScriptAutoSystem.h">
      <Filter>Header Files</Filter>
    </ClInclude>
    <ClInclude Include="D:\Users\Brice\Source\Repos\ska\ska_script\Script\System\ScriptBasicCommandsSystem.h">
      <Filter>Header Files</Filter>
    </ClInclude>
    <ClInclude Include="D:\Users\Brice\Source\Repos\ska\ska_script\Script\System\ScriptRefreshSystem.h">
      <Filter>Header Files</Filter>
    </ClInclude>
  </ItemGroup>
  <ItemGroup>
    <CustomBuild Include="D:\Users\Brice\Source\Repos\ska\ska_script\CMakeLists.txt" />
  </ItemGroup>
  <ItemGroup>
    <Filter Include="Source Files">
      <UniqueIdentifier>{BABBC274-AC14-30F1-AB35-06ADFD38507A}</UniqueIdentifier>
    </Filter>
    <Filter Include="Header Files">
      <UniqueIdentifier>{4BB7B634-03EB-34F6-B171-5C3FE38EA96E}</UniqueIdentifier>
    </Filter>
  </ItemGroup>
</Project>
