Microsoft Visual Studio Solution File, Format Version 12.00
# Visual Studio 15
Project("{8BC9CEB8-8B4A-11D0-8D11-00A0C91BC942}") = "ALL_BUILD", "ALL_BUILD.vcxproj", "{DA6AB3DE-E978-32DD-82CE-74C60908D4BD}"
	ProjectSection(ProjectDependencies) = postProject
		{CB8E8EC1-674E-365F-B306-71F99D6B78D0} = {CB8E8EC1-674E-365F-B306-71F99D6B78D0}
		{0A306DB0-8619-30AA-98E6-8FEED9B19AC6} = {0A306DB0-8619-30AA-98E6-8FEED9B19AC6}
	EndProjectSection
EndProject
Project("{8BC9CEB8-8B4A-11D0-8D11-00A0C91BC942}") = "ZERO_CHECK", "ZERO_CHECK.vcxproj", "{CB8E8EC1-674E-365F-B306-71F99D6B78D0}"
	ProjectSection(ProjectDependencies) = postProject
	EndProjectSection
EndProject
Project("{8BC9CEB8-8B4A-11D0-8D11-00A0C91BC942}") = "ska_physic_homemade", "ska_physic_homemade.vcxproj", "{0A306DB0-8619-30AA-98E6-8FEED9B19AC6}"
	ProjectSection(ProjectDependencies) = postProject
		{CB8E8EC1-674E-365F-B306-71F99D6B78D0} = {CB8E8EC1-674E-365F-B306-71F99D6B78D0}
	EndProjectSection
EndProject
Global
	GlobalSection(SolutionConfigurationPlatforms) = preSolution
		Debug|Win32 = Debug|Win32
		Release|Win32 = Release|Win32
		MinSizeRel|Win32 = MinSizeRel|Win32
		RelWithDebInfo|Win32 = RelWithDebInfo|Win32
	EndGlobalSection
	GlobalSection(ProjectConfigurationPlatforms) = postSolution
		{DA6AB3DE-E978-32DD-82CE-74C60908D4BD}.Debug|Win32.ActiveCfg = Debug|Win32
		{DA6AB3DE-E978-32DD-82CE-74C60908D4BD}.Release|Win32.ActiveCfg = Release|Win32
		{DA6AB3DE-E978-32DD-82CE-74C60908D4BD}.MinSizeRel|Win32.ActiveCfg = MinSizeRel|Win32
		{DA6AB3DE-E978-32DD-82CE-74C60908D4BD}.RelWithDebInfo|Win32.ActiveCfg = RelWithDebInfo|Win32
		{CB8E8EC1-674E-365F-B306-71F99D6B78D0}.Debug|Win32.ActiveCfg = Debug|Win32
		{CB8E8EC1-674E-365F-B306-71F99D6B78D0}.Debug|Win32.Build.0 = Debug|Win32
		{CB8E8EC1-674E-365F-B306-71F99D6B78D0}.Release|Win32.ActiveCfg = Release|Win32
		{CB8E8EC1-674E-365F-B306-71F99D6B78D0}.Release|Win32.Build.0 = Release|Win32
		{CB8E8EC1-674E-365F-B306-71F99D6B78D0}.MinSizeRel|Win32.ActiveCfg = MinSizeRel|Win32
		{CB8E8EC1-674E-365F-B306-71F99D6B78D0}.MinSizeRel|Win32.Build.0 = MinSizeRel|Win32
		{CB8E8EC1-674E-365F-B306-71F99D6B78D0}.RelWithDebInfo|Win32.ActiveCfg = RelWithDebInfo|Win32
		{CB8E8EC1-674E-365F-B306-71F99D6B78D0}.RelWithDebInfo|Win32.Build.0 = RelWithDebInfo|Win32
		{0A306DB0-8619-30AA-98E6-8FEED9B19AC6}.Debug|Win32.ActiveCfg = Debug|Win32
		{0A306DB0-8619-30AA-98E6-8FEED9B19AC6}.Debug|Win32.Build.0 = Debug|Win32
		{0A306DB0-8619-30AA-98E6-8FEED9B19AC6}.Release|Win32.ActiveCfg = Release|Win32
		{0A306DB0-8619-30AA-98E6-8FEED9B19AC6}.Release|Win32.Build.0 = Release|Win32
		{0A306DB0-8619-30AA-98E6-8FEED9B19AC6}.MinSizeRel|Win32.ActiveCfg = MinSizeRel|Win32
		{0A306DB0-8619-30AA-98E6-8FEED9B19AC6}.MinSizeRel|Win32.Build.0 = MinSizeRel|Win32
		{0A306DB0-8619-30AA-98E6-8FEED9B19AC6}.RelWithDebInfo|Win32.ActiveCfg = RelWithDebInfo|Win32
		{0A306DB0-8619-30AA-98E6-8FEED9B19AC6}.RelWithDebInfo|Win32.Build.0 = RelWithDebInfo|Win32
	EndGlobalSection
	GlobalSection(ExtensibilityGlobals) = postSolution
		SolutionGuid = {8FAC18F7-5559-3302-A970-3FF2471E008C}
	EndGlobalSection
	GlobalSection(ExtensibilityAddIns) = postSolution
	EndGlobalSection
EndGlobal
